<?xml version="1.0" encoding="utf-8"?>
<Project ToolsVersion="4.0" xmlns="http://schemas.microsoft.com/developer/msbuild/2003">
  <ItemGroup>
    <ClCompile Include="c.knob.cpp" />
    <ClCompile Include="..\..\Sources\ebox\ebox_attr.c">
      <Filter>PdEnhanced\ebox</Filter>
    </ClCompile>
    <ClCompile Include="..\..\Sources\ebox\ebox_basic.c">
      <Filter>PdEnhanced\ebox</Filter>
    </ClCompile>
    <ClCompile Include="..\..\Sources\ebox\ebox_draw.c">
      <Filter>PdEnhanced\ebox</Filter>
    </ClCompile>
    <ClCompile Include="..\..\Sources\ebox\ebox_handle.c">
      <Filter>PdEnhanced\ebox</Filter>
    </ClCompile>
    <ClCompile Include="..\..\Sources\ebox\ebox_patcher.c">
      <Filter>PdEnhanced\ebox</Filter>
    </ClCompile>
    <ClCompile Include="..\..\Sources\ebox\ebox_window.c">
      <Filter>PdEnhanced\ebox</Filter>
    </ClCompile>
    <ClCompile Include="..\..\Sources\eclass\eclass_attrgetter.c">
      <Filter>PdEnhanced\eclass</Filter>
    </ClCompile>
    <ClCompile Include="..\..\Sources\eclass\eclass_attrnew.c">
      <Filter>PdEnhanced\eclass</Filter>
    </ClCompile>
    <ClCompile Include="..\..\Sources\eclass\eclass_attroptions.c">
      <Filter>PdEnhanced\eclass</Filter>
    </ClCompile>
    <ClCompile Include="..\..\Sources\eclass\eclass_attrsetter.c">
      <Filter>PdEnhanced\eclass</Filter>
    </ClCompile>
    <ClCompile Include="..\..\Sources\eclass\eclass_basic.c">
      <Filter>PdEnhanced\eclass</Filter>
    </ClCompile>
    <ClCompile Include="..\..\Sources\eclass\eclass_widget.c">
      <Filter>PdEnhanced\eclass</Filter>
    </ClCompile>
    <ClCompile Include="..\..\Sources\ecommon\ecommon.c">
      <Filter>PdEnhanced\ecommon</Filter>
    </ClCompile>
    <ClCompile Include="..\..\Sources\eobj\eobj_basic.c">
      <Filter>PdEnhanced\eobj</Filter>
    </ClCompile>
    <ClCompile Include="..\..\Sources\eobj\eobj_dsp.c">
      <Filter>PdEnhanced\eobj</Filter>
    </ClCompile>
    <ClCompile Include="..\..\Sources\eobj\eobj_handle.c">
      <Filter>PdEnhanced\eobj</Filter>
    </ClCompile>
    <ClCompile Include="..\..\Sources\eobj\eobj_proxy.c">
      <Filter>PdEnhanced\eobj</Filter>
    </ClCompile>
    <ClCompile Include="..\..\Sources\eobj\eobj_router.c">
      <Filter>PdEnhanced\eobj</Filter>
    </ClCompile>
    <ClCompile Include="..\..\Sources\egraphics\egraphics.c">
      <Filter>PdEnhanced\egraphics</Filter>
    </ClCompile>
    <ClCompile Include="..\..\Sources\egraphics\egraphics_color.c">
      <Filter>PdEnhanced\egraphics</Filter>
    </ClCompile>
    <ClCompile Include="..\..\Sources\egraphics\egraphics_forms.c">
      <Filter>PdEnhanced\egraphics</Filter>
    </ClCompile>
    <ClCompile Include="..\..\Sources\egraphics\egraphics_matrix.c">
      <Filter>PdEnhanced\egraphics</Filter>
    </ClCompile>
    <ClCompile Include="..\..\Sources\egraphics\egraphics_text.c">
      <Filter>PdEnhanced\egraphics</Filter>
    </ClCompile>
    <ClCompile Include="..\..\Sources\epopup\epopup.c">
      <Filter>PdEnhanced\epopup</Filter>
    </ClCompile>
  </ItemGroup>
  <ItemGroup>
    <Filter Include="PdEnhanced">
      <UniqueIdentifier>{6f08d07c-8143-4daf-acb2-096051645714}</UniqueIdentifier>
    </Filter>
    <Filter Include="PdEnhanced\ebox">
      <UniqueIdentifier>{a00cf2e2-727c-4bcc-8831-f912c50ab765}</UniqueIdentifier>
    </Filter>
    <Filter Include="PdEnhanced\eclass">
      <UniqueIdentifier>{bd2bd3b0-a563-43f5-a722-918596909ddb}</UniqueIdentifier>
    </Filter>
    <Filter Include="PdEnhanced\ecommon">
      <UniqueIdentifier>{767f1be2-6ebc-40af-8549-fefd255f1105}</UniqueIdentifier>
    </Filter>
    <Filter Include="PdEnhanced\eobj">
      <UniqueIdentifier>{e7b6d192-aa44-4df9-911d-6f16ab34061e}</UniqueIdentifier>
    </Filter>
    <Filter Include="PdEnhanced\egraphics">
      <UniqueIdentifier>{6f75c3fe-0707-4a84-bead-967935890322}</UniqueIdentifier>
    </Filter>
    <Filter Include="PdEnhanced\epopup">
      <UniqueIdentifier>{ef892306-24c4-4911-b08f-14f34e22665c}</UniqueIdentifier>
    </Filter>
  </ItemGroup>
  <ItemGroup>
    <ClInclude Include="..\..\Sources\epd.h">
      <Filter>PdEnhanced</Filter>
    </ClInclude>
    <ClInclude Include="..\..\Sources\epd_max.h">
      <Filter>PdEnhanced</Filter>
    </ClInclude>
    <ClInclude Include="..\..\Sources\estruct.h">
      <Filter>PdEnhanced</Filter>
    </ClInclude>
    <ClInclude Include="..\..\Sources\pd_enhanced.h">
      <Filter>PdEnhanced</Filter>
    </ClInclude>
    <ClInclude Include="..\..\Sources\ebox\ebox.h">
      <Filter>PdEnhanced\ebox</Filter>
    </ClInclude>
    <ClInclude Include="..\..\Sources\eclass\eclass.h">
      <Filter>PdEnhanced\eclass</Filter>
    </ClInclude>
    <ClInclude Include="..\..\Sources\ecommon\eboxflag.h">
      <Filter>PdEnhanced\ecommon</Filter>
    </ClInclude>
    <ClInclude Include="..\..\Sources\ecommon\ecommon.h">
      <Filter>PdEnhanced\ecommon</Filter>
    </ClInclude>
    <ClInclude Include="..\..\Sources\eobj\eobj.h">
      <Filter>PdEnhanced\eobj</Filter>
    </ClInclude>
    <ClInclude Include="..\..\Sources\egraphics\egraphics.h">
      <Filter>PdEnhanced\egraphics</Filter>
    </ClInclude>
    <ClInclude Include="..\..\Sources\epopup\epopup.h">
      <Filter>PdEnhanced\epopup</Filter>
    </ClInclude>
  </ItemGroup>
</Project>