
Microsoft Visual Studio Solution File, Format Version 11.00
# Visual Studio 2010
Project("{8BC9CEB8-8B4A-11D0-8D11-00A0C91BC942}") = "c.loadmess", "c.loadmess\c.loadmess.vcxproj", "{B9E45805-572E-465F-A55F-2F21815837E1}"
EndProject
Project("{8BC9CEB8-8B4A-11D0-8D11-00A0C91BC942}") = "c.pak", "c.pak\c.pak.vcxproj", "{723854BD-D469-463E-AE32-0C3B6CF5710A}"
EndProject
Project("{8BC9CEB8-8B4A-11D0-8D11-00A0C91BC942}") = "c.patcherargs", "c.patcherargs\c.patcherargs.vcxproj", "{6802C734-3EB9-4354-B8A0-E46BE9E9FF2B}"
EndProject
Project("{8BC9CEB8-8B4A-11D0-8D11-00A0C91BC942}") = "c.patcherinfos", "c.patcherinfos\c.patcherinfos.vcxproj", "{B8A766F1-36DE-4F24-9F6E-55381B341ED8}"
EndProject
Project("{8BC9CEB8-8B4A-11D0-8D11-00A0C91BC942}") = "c.prepend", "c.prepend\c.prepend.vcxproj", "{7D26E179-2A3E-464F-A384-5490142A11D3}"
EndProject
Global
	GlobalSection(SolutionConfigurationPlatforms) = preSolution
		Debug|Win32 = Debug|Win32
		Release|Win32 = Release|Win32
	EndGlobalSection
	GlobalSection(ProjectConfigurationPlatforms) = postSolution
		{B9E45805-572E-465F-A55F-2F21815837E1}.Debug|Win32.ActiveCfg = Debug|Win32
		{B9E45805-572E-465F-A55F-2F21815837E1}.Debug|Win32.Build.0 = Debug|Win32
		{B9E45805-572E-465F-A55F-2F21815837E1}.Release|Win32.ActiveCfg = Release|Win32
		{B9E45805-572E-465F-A55F-2F21815837E1}.Release|Win32.Build.0 = Release|Win32
		{723854BD-D469-463E-AE32-0C3B6CF5710A}.Debug|Win32.ActiveCfg = Debug|Win32
		{723854BD-D469-463E-AE32-0C3B6CF5710A}.Debug|Win32.Build.0 = Debug|Win32
		{723854BD-D469-463E-AE32-0C3B6CF5710A}.Release|Win32.ActiveCfg = Release|Win32
		{723854BD-D469-463E-AE32-0C3B6CF5710A}.Release|Win32.Build.0 = Release|Win32
		{6802C734-3EB9-4354-B8A0-E46BE9E9FF2B}.Debug|Win32.ActiveCfg = Debug|Win32
		{6802C734-3EB9-4354-B8A0-E46BE9E9FF2B}.Debug|Win32.Build.0 = Debug|Win32
		{6802C734-3EB9-4354-B8A0-E46BE9E9FF2B}.Release|Win32.ActiveCfg = Release|Win32
		{6802C734-3EB9-4354-B8A0-E46BE9E9FF2B}.Release|Win32.Build.0 = Release|Win32
		{B8A766F1-36DE-4F24-9F6E-55381B341ED8}.Debug|Win32.ActiveCfg = Debug|Win32
		{B8A766F1-36DE-4F24-9F6E-55381B341ED8}.Debug|Win32.Build.0 = Debug|Win32
		{B8A766F1-36DE-4F24-9F6E-55381B341ED8}.Release|Win32.ActiveCfg = Release|Win32
		{B8A766F1-36DE-4F24-9F6E-55381B341ED8}.Release|Win32.Build.0 = Release|Win32
		{7D26E179-2A3E-464F-A384-5490142A11D3}.Debug|Win32.ActiveCfg = Debug|Win32
		{7D26E179-2A3E-464F-A384-5490142A11D3}.Debug|Win32.Build.0 = Debug|Win32
		{7D26E179-2A3E-464F-A384-5490142A11D3}.Release|Win32.ActiveCfg = Release|Win32
		{7D26E179-2A3E-464F-A384-5490142A11D3}.Release|Win32.Build.0 = Release|Win32
	EndGlobalSection
	GlobalSection(SolutionProperties) = preSolution
		HideSolutionNode = FALSE
	EndGlobalSection
EndGlobal
