<?xml version="1.0" encoding="utf-8"?>
<Project ToolsVersion="4.0" xmlns="http://schemas.microsoft.com/developer/msbuild/2003">
  <ItemGroup>
    <ClCompile Include="..\..\Sources\ebox\ebox_attr.c">
      <Filter>PdEnhanced\ebox</Filter>
    </ClCompile>
    <ClCompile Include="..\..\Sources\ebox\ebox_basic.c">
      <Filter>PdEnhanced\ebox</Filter>
    </ClCompile>
    <ClCompile Include="..\..\Sources\ebox\ebox_draw.c">
      <Filter>PdEnhanced\ebox</Filter>
    </ClCompile>
    <ClCompile Include="..\..\Sources\ebox\ebox_handle.c">
      <Filter>PdEnhanced\ebox</Filter>
    </ClCompile>
    <ClCompile Include="..\..\Sources\ebox\ebox_patcher.c">
      <Filter>PdEnhanced\ebox</Filter>
    </ClCompile>
    <ClCompile Include="..\..\Sources\ebox\ebox_window.c">
      <Filter>PdEnhanced\ebox</Filter>
    </ClCompile>
    <ClCompile Include="..\..\Sources\eclass\eclass_attrgetter.c">
      <Filter>PdEnhanced\eclass</Filter>
    </ClCompile>
    <ClCompile Include="..\..\Sources\eclass\eclass_attrnew.c">
      <Filter>PdEnhanced\eclass</Filter>
    </ClCompile>
    <ClCompile Include="..\..\Sources\eclass\eclass_attroptions.c">
      <Filter>PdEnhanced\eclass</Filter>
    </ClCompile>
    <ClCompile Include="..\..\Sources\eclass\eclass_attrsetter.c">
      <Filter>PdEnhanced\eclass</Filter>
    </ClCompile>
    <ClCompile Include="..\..\Sources\eclass\eclass_basic.c">
      <Filter>PdEnhanced\eclass</Filter>
    </ClCompile>
    <ClCompile Include="..\..\Sources\eclass\eclass_widget.c">
      <Filter>PdEnhanced\eclass</Filter>
    </ClCompile>
    <ClCompile Include="..\..\Sources\ecommon\ecommon.c">
      <Filter>PdEnhanced\ecommon</Filter>
    </ClCompile>
    <ClCompile Include="..\..\Sources\eobj\eobj_basic.c">
      <Filter>PdEnhanced\eobj</Filter>
    </ClCompile>
    <ClCompile Include="..\..\Sources\eobj\eobj_dsp.c">
      <Filter>PdEnhanced\eobj</Filter>
    </ClCompile>
    <ClCompile Include="..\..\Sources\eobj\eobj_handle.c">
      <Filter>PdEnhanced\eobj</Filter>
    </ClCompile>
    <ClCompile Include="..\..\Sources\eobj\eobj_proxy.c">
      <Filter>PdEnhanced\eobj</Filter>
    </ClCompile>
    <ClCompile Include="..\..\Sources\eobj\eobj_router.c">
      <Filter>PdEnhanced\eobj</Filter>
    </ClCompile>
    <ClCompile Include="..\..\Sources\egraphics\egraphics.c">
      <Filter>PdEnhanced\egraphics</Filter>
    </ClCompile>
    <ClCompile Include="..\..\Sources\egraphics\egraphics_color.c">
      <Filter>PdEnhanced\egraphics</Filter>
    </ClCompile>
    <ClCompile Include="..\..\Sources\egraphics\egraphics_forms.c">
      <Filter>PdEnhanced\egraphics</Filter>
    </ClCompile>
    <ClCompile Include="..\..\Sources\egraphics\egraphics_matrix.c">
      <Filter>PdEnhanced\egraphics</Filter>
    </ClCompile>
    <ClCompile Include="..\..\Sources\egraphics\egraphics_text.c">
      <Filter>PdEnhanced\egraphics</Filter>
    </ClCompile>
    <ClCompile Include="..\..\Sources\epopup\epopup.c">
      <Filter>PdEnhanced\epopup</Filter>
    </ClCompile>
    <ClCompile Include="c.loadmess.c" />
  </ItemGroup>
  <ItemGroup>
    <Filter Include="PdEnhanced">
      <UniqueIdentifier>{e411af2c-fefe-4de7-b69a-f5473ec0139d}</UniqueIdentifier>
    </Filter>
    <Filter Include="PdEnhanced\ebox">
      <UniqueIdentifier>{588194f5-df15-4ba0-a6c3-403a1c6b2a4b}</UniqueIdentifier>
    </Filter>
    <Filter Include="PdEnhanced\eclass">
      <UniqueIdentifier>{d91cb2db-aabd-44d9-9bc3-728bc004583b}</UniqueIdentifier>
    </Filter>
    <Filter Include="PdEnhanced\ecommon">
      <UniqueIdentifier>{9e8d52b3-2e38-4394-8f4e-d7915e4b8770}</UniqueIdentifier>
    </Filter>
    <Filter Include="PdEnhanced\eobj">
      <UniqueIdentifier>{5d8a6e39-7a84-411c-8b23-cf2dbf2ba5fb}</UniqueIdentifier>
    </Filter>
    <Filter Include="PdEnhanced\egraphics">
      <UniqueIdentifier>{5a435fba-608a-42c9-85b9-cfb296cccb49}</UniqueIdentifier>
    </Filter>
    <Filter Include="PdEnhanced\epopup">
      <UniqueIdentifier>{a39cf867-82ba-4529-877e-f1baaac8ead7}</UniqueIdentifier>
    </Filter>
  </ItemGroup>
  <ItemGroup>
    <ClInclude Include="..\..\Sources\epd.h">
      <Filter>PdEnhanced</Filter>
    </ClInclude>
    <ClInclude Include="..\..\Sources\epd_max.h">
      <Filter>PdEnhanced</Filter>
    </ClInclude>
    <ClInclude Include="..\..\Sources\estruct.h">
      <Filter>PdEnhanced</Filter>
    </ClInclude>
    <ClInclude Include="..\..\Sources\pd_enhanced.h">
      <Filter>PdEnhanced</Filter>
    </ClInclude>
    <ClInclude Include="..\..\Sources\ebox\ebox.h">
      <Filter>PdEnhanced\ebox</Filter>
    </ClInclude>
    <ClInclude Include="..\..\Sources\eclass\eclass.h">
      <Filter>PdEnhanced\eclass</Filter>
    </ClInclude>
    <ClInclude Include="..\..\Sources\ecommon\eboxflag.h">
      <Filter>PdEnhanced\ecommon</Filter>
    </ClInclude>
    <ClInclude Include="..\..\Sources\ecommon\ecommon.h">
      <Filter>PdEnhanced\ecommon</Filter>
    </ClInclude>
    <ClInclude Include="..\..\Sources\eobj\eobj.h">
      <Filter>PdEnhanced\eobj</Filter>
    </ClInclude>
    <ClInclude Include="..\..\Sources\egraphics\egraphics.h">
      <Filter>PdEnhanced\egraphics</Filter>
    </ClInclude>
    <ClInclude Include="..\..\Sources\epopup\epopup.h">
      <Filter>PdEnhanced\epopup</Filter>
    </ClInclude>
  </ItemGroup>
</Project>