<?xml version="1.0" encoding="utf-8"?>
<Project ToolsVersion="4.0" xmlns="http://schemas.microsoft.com/developer/msbuild/2003">
  <ItemGroup>
    <ClCompile Include="c.tab.cpp" />
    <ClCompile Include="..\..\Sources\ebox\ebox_attr.c">
      <Filter>PdEnhanced\ebox</Filter>
    </ClCompile>
    <ClCompile Include="..\..\Sources\ebox\ebox_basic.c">
      <Filter>PdEnhanced\ebox</Filter>
    </ClCompile>
    <ClCompile Include="..\..\Sources\ebox\ebox_draw.c">
      <Filter>PdEnhanced\ebox</Filter>
    </ClCompile>
    <ClCompile Include="..\..\Sources\ebox\ebox_handle.c">
      <Filter>PdEnhanced\ebox</Filter>
    </ClCompile>
    <ClCompile Include="..\..\Sources\ebox\ebox_patcher.c">
      <Filter>PdEnhanced\ebox</Filter>
    </ClCompile>
    <ClCompile Include="..\..\Sources\ebox\ebox_window.c">
      <Filter>PdEnhanced\ebox</Filter>
    </ClCompile>
    <ClCompile Include="..\..\Sources\eclass\eclass_attrgetter.c">
      <Filter>PdEnhanced\eclass</Filter>
    </ClCompile>
    <ClCompile Include="..\..\Sources\eclass\eclass_attrnew.c">
      <Filter>PdEnhanced\eclass</Filter>
    </ClCompile>
    <ClCompile Include="..\..\Sources\eclass\eclass_attroptions.c">
      <Filter>PdEnhanced\eclass</Filter>
    </ClCompile>
    <ClCompile Include="..\..\Sources\eclass\eclass_attrsetter.c">
      <Filter>PdEnhanced\eclass</Filter>
    </ClCompile>
    <ClCompile Include="..\..\Sources\eclass\eclass_basic.c">
      <Filter>PdEnhanced\eclass</Filter>
    </ClCompile>
    <ClCompile Include="..\..\Sources\eclass\eclass_widget.c">
      <Filter>PdEnhanced\eclass</Filter>
    </ClCompile>
    <ClCompile Include="..\..\Sources\ecommon\ecommon.c">
      <Filter>PdEnhanced\ecommon</Filter>
    </ClCompile>
    <ClCompile Include="..\..\Sources\eobj\eobj_basic.c">
      <Filter>PdEnhanced\eobj</Filter>
    </ClCompile>
    <ClCompile Include="..\..\Sources\eobj\eobj_dsp.c">
      <Filter>PdEnhanced\eobj</Filter>
    </ClCompile>
    <ClCompile Include="..\..\Sources\eobj\eobj_handle.c">
      <Filter>PdEnhanced\eobj</Filter>
    </ClCompile>
    <ClCompile Include="..\..\Sources\eobj\eobj_proxy.c">
      <Filter>PdEnhanced\eobj</Filter>
    </ClCompile>
    <ClCompile Include="..\..\Sources\eobj\eobj_router.c">
      <Filter>PdEnhanced\eobj</Filter>
    </ClCompile>
    <ClCompile Include="..\..\Sources\egraphics\egraphics.c">
      <Filter>PdEnhanced\egraphics</Filter>
    </ClCompile>
    <ClCompile Include="..\..\Sources\egraphics\egraphics_color.c">
      <Filter>PdEnhanced\egraphics</Filter>
    </ClCompile>
    <ClCompile Include="..\..\Sources\egraphics\egraphics_forms.c">
      <Filter>PdEnhanced\egraphics</Filter>
    </ClCompile>
    <ClCompile Include="..\..\Sources\egraphics\egraphics_matrix.c">
      <Filter>PdEnhanced\egraphics</Filter>
    </ClCompile>
    <ClCompile Include="..\..\Sources\egraphics\egraphics_text.c">
      <Filter>PdEnhanced\egraphics</Filter>
    </ClCompile>
    <ClCompile Include="..\..\Sources\epopup\epopup.c">
      <Filter>PdEnhanced\epopup</Filter>
    </ClCompile>
  </ItemGroup>
  <ItemGroup>
    <Filter Include="PdEnhanced">
      <UniqueIdentifier>{ebe4d42b-dfcf-4841-8a1d-c9cbcd23de83}</UniqueIdentifier>
    </Filter>
    <Filter Include="PdEnhanced\ebox">
      <UniqueIdentifier>{ca5e783a-9da7-4f99-a086-e3d858c67fa2}</UniqueIdentifier>
    </Filter>
    <Filter Include="PdEnhanced\eclass">
      <UniqueIdentifier>{21cf5555-1e6b-4dbc-ae06-2587db372c23}</UniqueIdentifier>
    </Filter>
    <Filter Include="PdEnhanced\ecommon">
      <UniqueIdentifier>{17df92c2-f719-4a76-b347-94210d30e9e4}</UniqueIdentifier>
    </Filter>
    <Filter Include="PdEnhanced\eobj">
      <UniqueIdentifier>{716b5fa7-ae94-4f43-9011-4b00cdfc936c}</UniqueIdentifier>
    </Filter>
    <Filter Include="PdEnhanced\egraphics">
      <UniqueIdentifier>{93834281-6e2a-4df1-9370-9301e8c37bce}</UniqueIdentifier>
    </Filter>
    <Filter Include="PdEnhanced\epopup">
      <UniqueIdentifier>{507f1338-20f0-4224-83d1-a38baeec9e9c}</UniqueIdentifier>
    </Filter>
  </ItemGroup>
  <ItemGroup>
    <ClInclude Include="..\..\Sources\epd.h">
      <Filter>PdEnhanced</Filter>
    </ClInclude>
    <ClInclude Include="..\..\Sources\epd_max.h">
      <Filter>PdEnhanced</Filter>
    </ClInclude>
    <ClInclude Include="..\..\Sources\estruct.h">
      <Filter>PdEnhanced</Filter>
    </ClInclude>
    <ClInclude Include="..\..\Sources\pd_enhanced.h">
      <Filter>PdEnhanced</Filter>
    </ClInclude>
    <ClInclude Include="..\..\Sources\ebox\ebox.h">
      <Filter>PdEnhanced\ebox</Filter>
    </ClInclude>
    <ClInclude Include="..\..\Sources\eclass\eclass.h">
      <Filter>PdEnhanced\eclass</Filter>
    </ClInclude>
    <ClInclude Include="..\..\Sources\ecommon\eboxflag.h">
      <Filter>PdEnhanced\ecommon</Filter>
    </ClInclude>
    <ClInclude Include="..\..\Sources\ecommon\ecommon.h">
      <Filter>PdEnhanced\ecommon</Filter>
    </ClInclude>
    <ClInclude Include="..\..\Sources\eobj\eobj.h">
      <Filter>PdEnhanced\eobj</Filter>
    </ClInclude>
    <ClInclude Include="..\..\Sources\egraphics\egraphics.h">
      <Filter>PdEnhanced\egraphics</Filter>
    </ClInclude>
    <ClInclude Include="..\..\Sources\epopup\epopup.h">
      <Filter>PdEnhanced\epopup</Filter>
    </ClInclude>
  </ItemGroup>
</Project>