<?xml version="1.0" encoding="utf-8"?>
<Project ToolsVersion="4.0" xmlns="http://schemas.microsoft.com/developer/msbuild/2003">
  <ItemGroup>
    <ClCompile Include="c.meter~.cpp" />
    <ClCompile Include="..\..\Sources\ebox\ebox_attr.c">
      <Filter>PdEnhanced\ebox</Filter>
    </ClCompile>
    <ClCompile Include="..\..\Sources\ebox\ebox_basic.c">
      <Filter>PdEnhanced\ebox</Filter>
    </ClCompile>
    <ClCompile Include="..\..\Sources\ebox\ebox_draw.c">
      <Filter>PdEnhanced\ebox</Filter>
    </ClCompile>
    <ClCompile Include="..\..\Sources\ebox\ebox_handle.c">
      <Filter>PdEnhanced\ebox</Filter>
    </ClCompile>
    <ClCompile Include="..\..\Sources\ebox\ebox_patcher.c">
      <Filter>PdEnhanced\ebox</Filter>
    </ClCompile>
    <ClCompile Include="..\..\Sources\ebox\ebox_window.c">
      <Filter>PdEnhanced\ebox</Filter>
    </ClCompile>
    <ClCompile Include="..\..\Sources\eclass\eclass_attrgetter.c">
      <Filter>PdEnhanced\eclass</Filter>
    </ClCompile>
    <ClCompile Include="..\..\Sources\eclass\eclass_attrnew.c">
      <Filter>PdEnhanced\eclass</Filter>
    </ClCompile>
    <ClCompile Include="..\..\Sources\eclass\eclass_attroptions.c">
      <Filter>PdEnhanced\eclass</Filter>
    </ClCompile>
    <ClCompile Include="..\..\Sources\eclass\eclass_attrsetter.c">
      <Filter>PdEnhanced\eclass</Filter>
    </ClCompile>
    <ClCompile Include="..\..\Sources\eclass\eclass_basic.c">
      <Filter>PdEnhanced\eclass</Filter>
    </ClCompile>
    <ClCompile Include="..\..\Sources\eclass\eclass_widget.c">
      <Filter>PdEnhanced\eclass</Filter>
    </ClCompile>
    <ClCompile Include="..\..\Sources\ecommon\ecommon.c">
      <Filter>PdEnhanced\ecommon</Filter>
    </ClCompile>
    <ClCompile Include="..\..\Sources\eobj\eobj_basic.c">
      <Filter>PdEnhanced\eobj</Filter>
    </ClCompile>
    <ClCompile Include="..\..\Sources\eobj\eobj_dsp.c">
      <Filter>PdEnhanced\eobj</Filter>
    </ClCompile>
    <ClCompile Include="..\..\Sources\eobj\eobj_handle.c">
      <Filter>PdEnhanced\eobj</Filter>
    </ClCompile>
    <ClCompile Include="..\..\Sources\eobj\eobj_proxy.c">
      <Filter>PdEnhanced\eobj</Filter>
    </ClCompile>
    <ClCompile Include="..\..\Sources\eobj\eobj_router.c">
      <Filter>PdEnhanced\eobj</Filter>
    </ClCompile>
    <ClCompile Include="..\..\Sources\egraphics\egraphics.c">
      <Filter>PdEnhanced\egraphics</Filter>
    </ClCompile>
    <ClCompile Include="..\..\Sources\egraphics\egraphics_color.c">
      <Filter>PdEnhanced\egraphics</Filter>
    </ClCompile>
    <ClCompile Include="..\..\Sources\egraphics\egraphics_forms.c">
      <Filter>PdEnhanced\egraphics</Filter>
    </ClCompile>
    <ClCompile Include="..\..\Sources\egraphics\egraphics_matrix.c">
      <Filter>PdEnhanced\egraphics</Filter>
    </ClCompile>
    <ClCompile Include="..\..\Sources\egraphics\egraphics_text.c">
      <Filter>PdEnhanced\egraphics</Filter>
    </ClCompile>
    <ClCompile Include="..\..\Sources\epopup\epopup.c">
      <Filter>PdEnhanced\epopup</Filter>
    </ClCompile>
  </ItemGroup>
  <ItemGroup>
    <Filter Include="PdEnhanced">
      <UniqueIdentifier>{fa4f5845-c382-46eb-b3e3-a3daf5b43c7e}</UniqueIdentifier>
    </Filter>
    <Filter Include="PdEnhanced\ebox">
      <UniqueIdentifier>{4ddc99ed-7e37-462c-bdc9-a6534e784db2}</UniqueIdentifier>
    </Filter>
    <Filter Include="PdEnhanced\eclass">
      <UniqueIdentifier>{8cc9e416-a05c-4f4c-9ec3-10d4ff6944eb}</UniqueIdentifier>
    </Filter>
    <Filter Include="PdEnhanced\ecommon">
      <UniqueIdentifier>{a6f3af73-c812-4e56-ad8e-44dc06cfb24d}</UniqueIdentifier>
    </Filter>
    <Filter Include="PdEnhanced\eobj">
      <UniqueIdentifier>{a1763e1a-d7f8-41f6-b8df-da28b4455768}</UniqueIdentifier>
    </Filter>
    <Filter Include="PdEnhanced\egraphics">
      <UniqueIdentifier>{cad7a38e-a4ff-4e80-a6b7-7b0ccd3e9249}</UniqueIdentifier>
    </Filter>
    <Filter Include="PdEnhanced\epopup">
      <UniqueIdentifier>{eca4d21a-df55-4fae-a928-70f57953cd9b}</UniqueIdentifier>
    </Filter>
  </ItemGroup>
  <ItemGroup>
    <ClInclude Include="..\..\Sources\epd.h">
      <Filter>PdEnhanced</Filter>
    </ClInclude>
    <ClInclude Include="..\..\Sources\epd_max.h">
      <Filter>PdEnhanced</Filter>
    </ClInclude>
    <ClInclude Include="..\..\Sources\estruct.h">
      <Filter>PdEnhanced</Filter>
    </ClInclude>
    <ClInclude Include="..\..\Sources\pd_enhanced.h">
      <Filter>PdEnhanced</Filter>
    </ClInclude>
    <ClInclude Include="..\..\Sources\ebox\ebox.h">
      <Filter>PdEnhanced\ebox</Filter>
    </ClInclude>
    <ClInclude Include="..\..\Sources\eclass\eclass.h">
      <Filter>PdEnhanced\eclass</Filter>
    </ClInclude>
    <ClInclude Include="..\..\Sources\ecommon\eboxflag.h">
      <Filter>PdEnhanced\ecommon</Filter>
    </ClInclude>
    <ClInclude Include="..\..\Sources\ecommon\ecommon.h">
      <Filter>PdEnhanced\ecommon</Filter>
    </ClInclude>
    <ClInclude Include="..\..\Sources\eobj\eobj.h">
      <Filter>PdEnhanced\eobj</Filter>
    </ClInclude>
    <ClInclude Include="..\..\Sources\egraphics\egraphics.h">
      <Filter>PdEnhanced\egraphics</Filter>
    </ClInclude>
    <ClInclude Include="..\..\Sources\epopup\epopup.h">
      <Filter>PdEnhanced\epopup</Filter>
    </ClInclude>
  </ItemGroup>
</Project>