<?xml version="1.0" encoding="UTF-8" standalone="yes" ?>
<CodeBlocks_project_file>
	<FileVersion major="1" minor="6" />
	<Project>
		<Option title="c.library" />
		<Option pch_mode="2" />
		<Option compiler="gcc" />
		<Build>
			<Target title="Release">
				<Option output="Package/CreamLibrary/$(PROJECT_NAME).pd_linux" prefix_auto="0" extension_auto="0" />
				<Option working_dir="Linux" />
				<Option object_output="Linux" />
				<Option type="3" />
				<Option compiler="gcc" />
				<Compiler>
					<Add option="-O3" />
					<Add option="-fPIC" />
				</Compiler>
				<Linker>
					<Add option="-s" />
					<Add option="-fPIC" />
				</Linker>
			</Target>
			<Target title="Release32">
				<Option output="Package/CreamLibrary/Linux32/$(PROJECT_NAME).pd_linux" prefix_auto="0" extension_auto="0" />
				<Option working_dir="Linux" />
				<Option object_output="Linux" />
				<Option type="3" />
				<Option compiler="gcc" />
				<Compiler>
					<Add option="-O3" />
					<Add option="-fPIC" />
					<Add option="-m32" />
					<Add directory="../../../SDKs/pd-extended/pd/src" />
				</Compiler>
				<Linker>
					<Add option="-s" />
					<Add option="-fPIC" />
					<Add option="-m32" />
					<Add directory="../../../SDKs/pd-extended/pd/src" />
				</Linker>
			</Target>
		</Build>
		<Compiler>
			<Add option="-O3" />
		</Compiler>
		<Linker>
			<Add option="-s" />
		</Linker>
		<Unit filename="../Sources/cicm_wrapper.h" />
		<Unit filename="../Sources/ebox/ebox.h" />
		<Unit filename="../Sources/ebox/ebox_attr.c">
			<Option compilerVar="CC" />
		</Unit>
		<Unit filename="../Sources/ebox/ebox_basic.c">
			<Option compilerVar="CC" />
		</Unit>
		<Unit filename="../Sources/ebox/ebox_draw.c">
			<Option compilerVar="CC" />
		</Unit>
		<Unit filename="../Sources/ebox/ebox_handle.c">
			<Option compilerVar="CC" />
		</Unit>
		<Unit filename="../Sources/ebox/ebox_patcher.c">
			<Option compilerVar="CC" />
		</Unit>
		<Unit filename="../Sources/ebox/ebox_window.c">
			<Option compilerVar="CC" />
		</Unit>
		<Unit filename="../Sources/eclass/eclass.h" />
		<Unit filename="../Sources/eclass/eclass_attrgetter.c">
			<Option compilerVar="CC" />
		</Unit>
		<Unit filename="../Sources/eclass/eclass_attrnew.c">
			<Option compilerVar="CC" />
		</Unit>
		<Unit filename="../Sources/eclass/eclass_attroptions.c">
			<Option compilerVar="CC" />
		</Unit>
		<Unit filename="../Sources/eclass/eclass_attrsetter.c">
			<Option compilerVar="CC" />
		</Unit>
		<Unit filename="../Sources/eclass/eclass_basic.c">
			<Option compilerVar="CC" />
		</Unit>
		<Unit filename="../Sources/eclass/eclass_widget.c">
			<Option compilerVar="CC" />
		</Unit>
		<Unit filename="../Sources/ecommon/d_ugen.c">
			<Option compilerVar="CC" />
		</Unit>
		<Unit filename="../Sources/ecommon/d_ugen.h" />
		<Unit filename="../Sources/ecommon/eboxflag.h" />
		<Unit filename="../Sources/ecommon/ecommon.c">
			<Option compilerVar="CC" />
		</Unit>
		<Unit filename="../Sources/ecommon/ecommon.h" />
		<Unit filename="../Sources/efft.h" />
		<Unit filename="../Sources/egraphics/egraphics.c">
			<Option compilerVar="CC" />
		</Unit>
		<Unit filename="../Sources/egraphics/egraphics.h" />
		<Unit filename="../Sources/egraphics/egraphics_color.c">
			<Option compilerVar="CC" />
		</Unit>
		<Unit filename="../Sources/egraphics/egraphics_forms.c">
			<Option compilerVar="CC" />
		</Unit>
		<Unit filename="../Sources/egraphics/egraphics_matrix.c">
			<Option compilerVar="CC" />
		</Unit>
		<Unit filename="../Sources/egraphics/egraphics_text.c">
			<Option compilerVar="CC" />
		</Unit>
		<Unit filename="../Sources/eobj/eobj.h" />
		<Unit filename="../Sources/eobj/eobj_basic.c">
			<Option compilerVar="CC" />
		</Unit>
		<Unit filename="../Sources/eobj/eobj_dsp.c">
			<Option compilerVar="CC" />
		</Unit>
		<Unit filename="../Sources/eobj/eobj_handle.c">
			<Option compilerVar="CC" />
		</Unit>
		<Unit filename="../Sources/eobj/eobj_proxy.c">
			<Option compilerVar="CC" />
		</Unit>
		<Unit filename="../Sources/eobj/eobj_router.c">
			<Option compilerVar="CC" />
		</Unit>
		<Unit filename="../Sources/epd.h" />
		<Unit filename="../Sources/epd_max.h" />
		<Unit filename="../Sources/epopup/epopup.c">
			<Option compilerVar="CC" />
		</Unit>
		<Unit filename="../Sources/epopup/epopup.h" />
		<Unit filename="../Sources/estruct.h" />
		<Unit filename="Caramel/AudioFFT.cpp" />
		<Unit filename="Caramel/AudioFFT.h" />
		<Unit filename="Caramel/FFTConvolver.cpp" />
		<Unit filename="Caramel/FFTConvolver.h" />
		<Unit filename="Caramel/Utilities.cpp" />
		<Unit filename="Caramel/Utilities.h" />
		<Unit filename="Caramel/c.convolve_tilde.cpp" />
		<Unit filename="Caramel/c.freeverb_tilde.cpp" />
		<Unit filename="Caramel/fftw3.h" />
		<Unit filename="Chocolate/c.bang.cpp" />
		<Unit filename="Chocolate/c.blackboard.cpp" />
		<Unit filename="Chocolate/c.breakpoints.cpp" />
		<Unit filename="Chocolate/c.colorpanel.cpp" />
		<Unit filename="Chocolate/c.gain_tilde.cpp" />
		<Unit filename="Chocolate/c.incdec.cpp" />
		<Unit filename="Chocolate/c.knob.cpp" />
		<Unit filename="Chocolate/c.menu.cpp" />
		<Unit filename="Chocolate/c.meter_tilde.cpp" />
		<Unit filename="Chocolate/c.number.cpp" />
		<Unit filename="Chocolate/c.number_tilde.cpp" />
		<Unit filename="Chocolate/c.plane.cpp" />
		<Unit filename="Chocolate/c.preset.cpp" />
		<Unit filename="Chocolate/c.radio.cpp" />
		<Unit filename="Chocolate/c.rslider.cpp" />
		<Unit filename="Chocolate/c.scope_tilde.cpp" />
		<Unit filename="Chocolate/c.slider.cpp" />
		<Unit filename="Chocolate/c.tab.cpp" />
		<Unit filename="Chocolate/c.toggle.cpp" />
		<Unit filename="Coffee/c.loadmess.cpp" />
		<Unit filename="Coffee/c.pak.cpp" />
		<Unit filename="Coffee/c.patcherargs.cpp" />
		<Unit filename="Coffee/c.patcherinfos.cpp" />
		<Unit filename="Coffee/c.prepend.cpp" />
		<Unit filename="c.library.cpp" />
		<Unit filename="c.library.h" />
		<Extensions>
			<envvars />
			<code_completion />
			<debugger />
			<lib_finder disable_auto="1" />
		</Extensions>
	</Project>
</CodeBlocks_project_file>
