// !$*UTF8*$!
{
	archiveVersion = 1;
	classes = {
	};
	objectVersion = 46;
	objects = {

/* Begin PBXBuildFile section */
		59FB02F817A7FAA9001E977D /* Accelerate.framework in Frameworks */ = {isa = PBXBuildFile; fileRef = 59FB02F717A7FAA9001E977D /* Accelerate.framework */; };
		8F9AD4CB185C89C90095F0CC /* eattr.h in Headers */ = {isa = PBXBuildFile; fileRef = 8F9AD4A2185C89C90095F0CC /* eattr.h */; };
		8F9AD4CC185C89C90095F0CC /* eattr_attr.c in Sources */ = {isa = PBXBuildFile; fileRef = 8F9AD4A3185C89C90095F0CC /* eattr_attr.c */; };
		8F9AD4CD185C89C90095F0CC /* eattr_getter.c in Sources */ = {isa = PBXBuildFile; fileRef = 8F9AD4A4185C89C90095F0CC /* eattr_getter.c */; };
		8F9AD4CE185C89C90095F0CC /* eattr_new.c in Sources */ = {isa = PBXBuildFile; fileRef = 8F9AD4A5185C89C90095F0CC /* eattr_new.c */; };
		8F9AD4CF185C89C90095F0CC /* eattr_setter.c in Sources */ = {isa = PBXBuildFile; fileRef = 8F9AD4A6185C89C90095F0CC /* eattr_setter.c */; };
		8F9AD4D0185C89C90095F0CC /* ebox.c in Sources */ = {isa = PBXBuildFile; fileRef = 8F9AD4A8185C89C90095F0CC /* ebox.c */; };
		8F9AD4D1185C89C90095F0CC /* ebox.h in Headers */ = {isa = PBXBuildFile; fileRef = 8F9AD4A9185C89C90095F0CC /* ebox.h */; };
		8F9AD4D2185C89C90095F0CC /* ebox_attr.c in Sources */ = {isa = PBXBuildFile; fileRef = 8F9AD4AA185C89C90095F0CC /* ebox_attr.c */; };
		8F9AD4D3185C89C90095F0CC /* ebox_draw.c in Sources */ = {isa = PBXBuildFile; fileRef = 8F9AD4AB185C89C90095F0CC /* ebox_draw.c */; };
		8F9AD4D4185C89C90095F0CC /* ebox_dsp.c in Sources */ = {isa = PBXBuildFile; fileRef = 8F9AD4AC185C89C90095F0CC /* ebox_dsp.c */; };
		8F9AD4D5185C89C90095F0CC /* ebox_handle.c in Sources */ = {isa = PBXBuildFile; fileRef = 8F9AD4AD185C89C90095F0CC /* ebox_handle.c */; };
		8F9AD4D6185C89C90095F0CC /* ebox_patcher.c in Sources */ = {isa = PBXBuildFile; fileRef = 8F9AD4AE185C89C90095F0CC /* ebox_patcher.c */; };
		8F9AD4D7185C89C90095F0CC /* ebox_window.c in Sources */ = {isa = PBXBuildFile; fileRef = 8F9AD4AF185C89C90095F0CC /* ebox_window.c */; };
		8F9AD4D8185C89C90095F0CC /* eclass.c in Sources */ = {isa = PBXBuildFile; fileRef = 8F9AD4B1185C89C90095F0CC /* eclass.c */; };
		8F9AD4D9185C89C90095F0CC /* eclass.h in Headers */ = {isa = PBXBuildFile; fileRef = 8F9AD4B2185C89C90095F0CC /* eclass.h */; };
		8F9AD4DA185C89C90095F0CC /* eboxflag.h in Headers */ = {isa = PBXBuildFile; fileRef = 8F9AD4B4185C89C90095F0CC /* eboxflag.h */; };
		8F9AD4DB185C89C90095F0CC /* ecommon.c in Sources */ = {isa = PBXBuildFile; fileRef = 8F9AD4B5185C89C90095F0CC /* ecommon.c */; };
		8F9AD4DC185C89C90095F0CC /* ecommon.h in Headers */ = {isa = PBXBuildFile; fileRef = 8F9AD4B6185C89C90095F0CC /* ecommon.h */; };
		8F9AD4DD185C89C90095F0CC /* egraphics.c in Sources */ = {isa = PBXBuildFile; fileRef = 8F9AD4B8185C89C90095F0CC /* egraphics.c */; };
		8F9AD4DE185C89C90095F0CC /* egraphics.h in Headers */ = {isa = PBXBuildFile; fileRef = 8F9AD4B9185C89C90095F0CC /* egraphics.h */; };
		8F9AD4DF185C89C90095F0CC /* egraphics_color.c in Sources */ = {isa = PBXBuildFile; fileRef = 8F9AD4BA185C89C90095F0CC /* egraphics_color.c */; };
		8F9AD4E0185C89C90095F0CC /* egraphics_forms.c in Sources */ = {isa = PBXBuildFile; fileRef = 8F9AD4BB185C89C90095F0CC /* egraphics_forms.c */; };
		8F9AD4E1185C89C90095F0CC /* egraphics_matrix.c in Sources */ = {isa = PBXBuildFile; fileRef = 8F9AD4BC185C89C90095F0CC /* egraphics_matrix.c */; };
		8F9AD4E2185C89C90095F0CC /* egraphics_text.c in Sources */ = {isa = PBXBuildFile; fileRef = 8F9AD4BD185C89C90095F0CC /* egraphics_text.c */; };
		8F9AD4E3185C89C90095F0CC /* epd.h in Headers */ = {isa = PBXBuildFile; fileRef = 8F9AD4BE185C89C90095F0CC /* epd.h */; };
		8F9AD4E4185C89C90095F0CC /* epd_max.h in Headers */ = {isa = PBXBuildFile; fileRef = 8F9AD4BF185C89C90095F0CC /* epd_max.h */; };
		8F9AD4E5185C89C90095F0CC /* epopup.c in Sources */ = {isa = PBXBuildFile; fileRef = 8F9AD4C1185C89C90095F0CC /* epopup.c */; };
		8F9AD4E6185C89C90095F0CC /* epopup.h in Headers */ = {isa = PBXBuildFile; fileRef = 8F9AD4C2185C89C90095F0CC /* epopup.h */; };
		8F9AD4E7185C89C90095F0CC /* erouter.c in Sources */ = {isa = PBXBuildFile; fileRef = 8F9AD4C4185C89C90095F0CC /* erouter.c */; };
		8F9AD4E8185C89C90095F0CC /* erouter.h in Headers */ = {isa = PBXBuildFile; fileRef = 8F9AD4C5185C89C90095F0CC /* erouter.h */; };
		8F9AD4E9185C89C90095F0CC /* estruct.h in Headers */ = {isa = PBXBuildFile; fileRef = 8F9AD4C6185C89C90095F0CC /* estruct.h */; };
		8F9AD4EA185C89C90095F0CC /* ewidget.c in Sources */ = {isa = PBXBuildFile; fileRef = 8F9AD4C8185C89C90095F0CC /* ewidget.c */; };
		8F9AD4EB185C89C90095F0CC /* ewidget.h in Headers */ = {isa = PBXBuildFile; fileRef = 8F9AD4C9185C89C90095F0CC /* ewidget.h */; };
		8F9AD4EC185C89C90095F0CC /* pd_enhanced.h in Headers */ = {isa = PBXBuildFile; fileRef = 8F9AD4CA185C89C90095F0CC /* pd_enhanced.h */; };
		8FE1B1ED17F6353500A3E466 /* preset.cpp in Sources */ = {isa = PBXBuildFile; fileRef = 8FE1B1EC17F6353500A3E466 /* preset.cpp */; };
/* End PBXBuildFile section */

/* Begin PBXFileReference section */
		5913846F15DAA36D0029AD16 /* preset.pd_darwin */ = {isa = PBXFileReference; explicitFileType = "compiled.mach-o.dylib"; includeInIndex = 0; path = preset.pd_darwin; sourceTree = BUILT_PRODUCTS_DIR; };
		59FB02F717A7FAA9001E977D /* Accelerate.framework */ = {isa = PBXFileReference; lastKnownFileType = wrapper.framework; name = Accelerate.framework; path = System/Library/Frameworks/Accelerate.framework; sourceTree = SDKROOT; };
		8F9AD4A2185C89C90095F0CC /* eattr.h */ = {isa = PBXFileReference; fileEncoding = 4; lastKnownFileType = sourcecode.c.h; path = eattr.h; sourceTree = "<group>"; };
		8F9AD4A3185C89C90095F0CC /* eattr_attr.c */ = {isa = PBXFileReference; fileEncoding = 4; lastKnownFileType = sourcecode.c.c; path = eattr_attr.c; sourceTree = "<group>"; };
		8F9AD4A4185C89C90095F0CC /* eattr_getter.c */ = {isa = PBXFileReference; fileEncoding = 4; lastKnownFileType = sourcecode.c.c; path = eattr_getter.c; sourceTree = "<group>"; };
		8F9AD4A5185C89C90095F0CC /* eattr_new.c */ = {isa = PBXFileReference; fileEncoding = 4; lastKnownFileType = sourcecode.c.c; path = eattr_new.c; sourceTree = "<group>"; };
		8F9AD4A6185C89C90095F0CC /* eattr_setter.c */ = {isa = PBXFileReference; fileEncoding = 4; lastKnownFileType = sourcecode.c.c; path = eattr_setter.c; sourceTree = "<group>"; };
		8F9AD4A8185C89C90095F0CC /* ebox.c */ = {isa = PBXFileReference; fileEncoding = 4; lastKnownFileType = sourcecode.c.c; path = ebox.c; sourceTree = "<group>"; };
		8F9AD4A9185C89C90095F0CC /* ebox.h */ = {isa = PBXFileReference; fileEncoding = 4; lastKnownFileType = sourcecode.c.h; path = ebox.h; sourceTree = "<group>"; };
		8F9AD4AA185C89C90095F0CC /* ebox_attr.c */ = {isa = PBXFileReference; fileEncoding = 4; lastKnownFileType = sourcecode.c.c; path = ebox_attr.c; sourceTree = "<group>"; };
		8F9AD4AB185C89C90095F0CC /* ebox_draw.c */ = {isa = PBXFileReference; fileEncoding = 4; lastKnownFileType = sourcecode.c.c; path = ebox_draw.c; sourceTree = "<group>"; };
		8F9AD4AC185C89C90095F0CC /* ebox_dsp.c */ = {isa = PBXFileReference; fileEncoding = 4; lastKnownFileType = sourcecode.c.c; path = ebox_dsp.c; sourceTree = "<group>"; };
		8F9AD4AD185C89C90095F0CC /* ebox_handle.c */ = {isa = PBXFileReference; fileEncoding = 4; lastKnownFileType = sourcecode.c.c; path = ebox_handle.c; sourceTree = "<group>"; };
		8F9AD4AE185C89C90095F0CC /* ebox_patcher.c */ = {isa = PBXFileReference; fileEncoding = 4; lastKnownFileType = sourcecode.c.c; path = ebox_patcher.c; sourceTree = "<group>"; };
		8F9AD4AF185C89C90095F0CC /* ebox_window.c */ = {isa = PBXFileReference; fileEncoding = 4; lastKnownFileType = sourcecode.c.c; path = ebox_window.c; sourceTree = "<group>"; };
		8F9AD4B1185C89C90095F0CC /* eclass.c */ = {isa = PBXFileReference; fileEncoding = 4; lastKnownFileType = sourcecode.c.c; path = eclass.c; sourceTree = "<group>"; };
		8F9AD4B2185C89C90095F0CC /* eclass.h */ = {isa = PBXFileReference; fileEncoding = 4; lastKnownFileType = sourcecode.c.h; path = eclass.h; sourceTree = "<group>"; };
		8F9AD4B4185C89C90095F0CC /* eboxflag.h */ = {isa = PBXFileReference; fileEncoding = 4; lastKnownFileType = sourcecode.c.h; path = eboxflag.h; sourceTree = "<group>"; };
		8F9AD4B5185C89C90095F0CC /* ecommon.c */ = {isa = PBXFileReference; fileEncoding = 4; lastKnownFileType = sourcecode.c.c; path = ecommon.c; sourceTree = "<group>"; };
		8F9AD4B6185C89C90095F0CC /* ecommon.h */ = {isa = PBXFileReference; fileEncoding = 4; lastKnownFileType = sourcecode.c.h; path = ecommon.h; sourceTree = "<group>"; };
		8F9AD4B8185C89C90095F0CC /* egraphics.c */ = {isa = PBXFileReference; fileEncoding = 4; lastKnownFileType = sourcecode.c.c; path = egraphics.c; sourceTree = "<group>"; };
		8F9AD4B9185C89C90095F0CC /* egraphics.h */ = {isa = PBXFileReference; fileEncoding = 4; lastKnownFileType = sourcecode.c.h; path = egraphics.h; sourceTree = "<group>"; };
		8F9AD4BA185C89C90095F0CC /* egraphics_color.c */ = {isa = PBXFileReference; fileEncoding = 4; lastKnownFileType = sourcecode.c.c; path = egraphics_color.c; sourceTree = "<group>"; };
		8F9AD4BB185C89C90095F0CC /* egraphics_forms.c */ = {isa = PBXFileReference; fileEncoding = 4; lastKnownFileType = sourcecode.c.c; path = egraphics_forms.c; sourceTree = "<group>"; };
		8F9AD4BC185C89C90095F0CC /* egraphics_matrix.c */ = {isa = PBXFileReference; fileEncoding = 4; lastKnownFileType = sourcecode.c.c; path = egraphics_matrix.c; sourceTree = "<group>"; };
		8F9AD4BD185C89C90095F0CC /* egraphics_text.c */ = {isa = PBXFileReference; fileEncoding = 4; lastKnownFileType = sourcecode.c.c; path = egraphics_text.c; sourceTree = "<group>"; };
		8F9AD4BE185C89C90095F0CC /* epd.h */ = {isa = PBXFileReference; fileEncoding = 4; lastKnownFileType = sourcecode.c.h; path = epd.h; sourceTree = "<group>"; };
		8F9AD4BF185C89C90095F0CC /* epd_max.h */ = {isa = PBXFileReference; fileEncoding = 4; lastKnownFileType = sourcecode.c.h; path = epd_max.h; sourceTree = "<group>"; };
		8F9AD4C1185C89C90095F0CC /* epopup.c */ = {isa = PBXFileReference; fileEncoding = 4; lastKnownFileType = sourcecode.c.c; path = epopup.c; sourceTree = "<group>"; };
		8F9AD4C2185C89C90095F0CC /* epopup.h */ = {isa = PBXFileReference; fileEncoding = 4; lastKnownFileType = sourcecode.c.h; path = epopup.h; sourceTree = "<group>"; };
		8F9AD4C4185C89C90095F0CC /* erouter.c */ = {isa = PBXFileReference; fileEncoding = 4; lastKnownFileType = sourcecode.c.c; path = erouter.c; sourceTree = "<group>"; };
		8F9AD4C5185C89C90095F0CC /* erouter.h */ = {isa = PBXFileReference; fileEncoding = 4; lastKnownFileType = sourcecode.c.h; path = erouter.h; sourceTree = "<group>"; };
		8F9AD4C6185C89C90095F0CC /* estruct.h */ = {isa = PBXFileReference; fileEncoding = 4; lastKnownFileType = sourcecode.c.h; path = estruct.h; sourceTree = "<group>"; };
		8F9AD4C8185C89C90095F0CC /* ewidget.c */ = {isa = PBXFileReference; fileEncoding = 4; lastKnownFileType = sourcecode.c.c; path = ewidget.c; sourceTree = "<group>"; };
		8F9AD4C9185C89C90095F0CC /* ewidget.h */ = {isa = PBXFileReference; fileEncoding = 4; lastKnownFileType = sourcecode.c.h; path = ewidget.h; sourceTree = "<group>"; };
		8F9AD4CA185C89C90095F0CC /* pd_enhanced.h */ = {isa = PBXFileReference; fileEncoding = 4; lastKnownFileType = sourcecode.c.h; path = pd_enhanced.h; sourceTree = "<group>"; };
		8FE1B1EC17F6353500A3E466 /* preset.cpp */ = {isa = PBXFileReference; fileEncoding = 4; lastKnownFileType = sourcecode.cpp.cpp; path = preset.cpp; sourceTree = "<group>"; };
/* End PBXFileReference section */

/* Begin PBXFrameworksBuildPhase section */
		5913846C15DAA36D0029AD16 /* Frameworks */ = {
			isa = PBXFrameworksBuildPhase;
			buildActionMask = 2147483647;
			files = (
				59FB02F817A7FAA9001E977D /* Accelerate.framework in Frameworks */,
			);
			runOnlyForDeploymentPostprocessing = 0;
		};
/* End PBXFrameworksBuildPhase section */

/* Begin PBXGroup section */
		5913846415DAA36D0029AD16 = {
			isa = PBXGroup;
			children = (
				8FE1B1EC17F6353500A3E466 /* preset.cpp */,
				8F9AD4A0185C89C90095F0CC /* Sources */,
				59FB02F717A7FAA9001E977D /* Accelerate.framework */,
				5913847015DAA36D0029AD16 /* Products */,
			);
			sourceTree = "<group>";
		};
		5913847015DAA36D0029AD16 /* Products */ = {
			isa = PBXGroup;
			children = (
				5913846F15DAA36D0029AD16 /* preset.pd_darwin */,
			);
			name = Products;
			sourceTree = "<group>";
		};
		8F9AD4A0185C89C90095F0CC /* Sources */ = {
			isa = PBXGroup;
			children = (
				8F9AD4A1185C89C90095F0CC /* eattr */,
				8F9AD4A7185C89C90095F0CC /* ebox */,
				8F9AD4B0185C89C90095F0CC /* eclass */,
				8F9AD4B3185C89C90095F0CC /* ecommon */,
				8F9AD4B7185C89C90095F0CC /* egraphics */,
				8F9AD4BE185C89C90095F0CC /* epd.h */,
				8F9AD4BF185C89C90095F0CC /* epd_max.h */,
				8F9AD4C0185C89C90095F0CC /* epopup */,
				8F9AD4C3185C89C90095F0CC /* erouter */,
				8F9AD4C6185C89C90095F0CC /* estruct.h */,
				8F9AD4C7185C89C90095F0CC /* ewidget */,
				8F9AD4CA185C89C90095F0CC /* pd_enhanced.h */,
			);
			name = Sources;
			path = ../../Sources;
			sourceTree = "<group>";
		};
		8F9AD4A1185C89C90095F0CC /* eattr */ = {
			isa = PBXGroup;
			children = (
				8F9AD4A2185C89C90095F0CC /* eattr.h */,
				8F9AD4A3185C89C90095F0CC /* eattr_attr.c */,
				8F9AD4A4185C89C90095F0CC /* eattr_getter.c */,
				8F9AD4A5185C89C90095F0CC /* eattr_new.c */,
				8F9AD4A6185C89C90095F0CC /* eattr_setter.c */,
			);
			path = eattr;
			sourceTree = "<group>";
		};
		8F9AD4A7185C89C90095F0CC /* ebox */ = {
			isa = PBXGroup;
			children = (
				8F9AD4A8185C89C90095F0CC /* ebox.c */,
				8F9AD4A9185C89C90095F0CC /* ebox.h */,
				8F9AD4AA185C89C90095F0CC /* ebox_attr.c */,
				8F9AD4AB185C89C90095F0CC /* ebox_draw.c */,
				8F9AD4AC185C89C90095F0CC /* ebox_dsp.c */,
				8F9AD4AD185C89C90095F0CC /* ebox_handle.c */,
				8F9AD4AE185C89C90095F0CC /* ebox_patcher.c */,
				8F9AD4AF185C89C90095F0CC /* ebox_window.c */,
			);
			path = ebox;
			sourceTree = "<group>";
		};
		8F9AD4B0185C89C90095F0CC /* eclass */ = {
			isa = PBXGroup;
			children = (
				8F9AD4B1185C89C90095F0CC /* eclass.c */,
				8F9AD4B2185C89C90095F0CC /* eclass.h */,
			);
			path = eclass;
			sourceTree = "<group>";
		};
		8F9AD4B3185C89C90095F0CC /* ecommon */ = {
			isa = PBXGroup;
			children = (
				8F9AD4B4185C89C90095F0CC /* eboxflag.h */,
				8F9AD4B5185C89C90095F0CC /* ecommon.c */,
				8F9AD4B6185C89C90095F0CC /* ecommon.h */,
			);
			path = ecommon;
			sourceTree = "<group>";
		};
		8F9AD4B7185C89C90095F0CC /* egraphics */ = {
			isa = PBXGroup;
			children = (
				8F9AD4B8185C89C90095F0CC /* egraphics.c */,
				8F9AD4B9185C89C90095F0CC /* egraphics.h */,
				8F9AD4BA185C89C90095F0CC /* egraphics_color.c */,
				8F9AD4BB185C89C90095F0CC /* egraphics_forms.c */,
				8F9AD4BC185C89C90095F0CC /* egraphics_matrix.c */,
				8F9AD4BD185C89C90095F0CC /* egraphics_text.c */,
			);
			path = egraphics;
			sourceTree = "<group>";
		};
		8F9AD4C0185C89C90095F0CC /* epopup */ = {
			isa = PBXGroup;
			children = (
				8F9AD4C1185C89C90095F0CC /* epopup.c */,
				8F9AD4C2185C89C90095F0CC /* epopup.h */,
			);
			path = epopup;
			sourceTree = "<group>";
		};
		8F9AD4C3185C89C90095F0CC /* erouter */ = {
			isa = PBXGroup;
			children = (
				8F9AD4C4185C89C90095F0CC /* erouter.c */,
				8F9AD4C5185C89C90095F0CC /* erouter.h */,
			);
			path = erouter;
			sourceTree = "<group>";
		};
		8F9AD4C7185C89C90095F0CC /* ewidget */ = {
			isa = PBXGroup;
			children = (
				8F9AD4C8185C89C90095F0CC /* ewidget.c */,
				8F9AD4C9185C89C90095F0CC /* ewidget.h */,
			);
			path = ewidget;
			sourceTree = "<group>";
		};
/* End PBXGroup section */

/* Begin PBXHeadersBuildPhase section */
		5913846D15DAA36D0029AD16 /* Headers */ = {
			isa = PBXHeadersBuildPhase;
			buildActionMask = 2147483647;
			files = (
				8F9AD4DA185C89C90095F0CC /* eboxflag.h in Headers */,
				8F9AD4DC185C89C90095F0CC /* ecommon.h in Headers */,
				8F9AD4EC185C89C90095F0CC /* pd_enhanced.h in Headers */,
				8F9AD4D9185C89C90095F0CC /* eclass.h in Headers */,
				8F9AD4D1185C89C90095F0CC /* ebox.h in Headers */,
				8F9AD4EB185C89C90095F0CC /* ewidget.h in Headers */,
				8F9AD4CB185C89C90095F0CC /* eattr.h in Headers */,
				8F9AD4E9185C89C90095F0CC /* estruct.h in Headers */,
				8F9AD4E8185C89C90095F0CC /* erouter.h in Headers */,
				8F9AD4E6185C89C90095F0CC /* epopup.h in Headers */,
				8F9AD4E4185C89C90095F0CC /* epd_max.h in Headers */,
				8F9AD4DE185C89C90095F0CC /* egraphics.h in Headers */,
				8F9AD4E3185C89C90095F0CC /* epd.h in Headers */,
			);
			runOnlyForDeploymentPostprocessing = 0;
		};
/* End PBXHeadersBuildPhase section */

/* Begin PBXNativeTarget section */
		5913846E15DAA36D0029AD16 /* preset */ = {
			isa = PBXNativeTarget;
			buildConfigurationList = 5913847315DAA36D0029AD16 /* Build configuration list for PBXNativeTarget "preset" */;
			buildPhases = (
				5913846B15DAA36D0029AD16 /* Sources */,
				5913846C15DAA36D0029AD16 /* Frameworks */,
				5913846D15DAA36D0029AD16 /* Headers */,
			);
			buildRules = (
			);
			dependencies = (
			);
			name = preset;
			productName = pd1;
			productReference = 5913846F15DAA36D0029AD16 /* preset.pd_darwin */;
			productType = "com.apple.product-type.library.dynamic";
		};
/* End PBXNativeTarget section */

/* Begin PBXProject section */
		5913846615DAA36D0029AD16 /* Project object */ = {
			isa = PBXProject;
			attributes = {
				LastUpgradeCheck = 0500;
			};
			buildConfigurationList = 5913846915DAA36D0029AD16 /* Build configuration list for PBXProject "preset" */;
			compatibilityVersion = "Xcode 3.2";
			developmentRegion = English;
			hasScannedForEncodings = 0;
			knownRegions = (
				en,
			);
			mainGroup = 5913846415DAA36D0029AD16;
			productRefGroup = 5913847015DAA36D0029AD16 /* Products */;
			projectDirPath = "";
			projectRoot = "";
			targets = (
				5913846E15DAA36D0029AD16 /* preset */,
			);
		};
/* End PBXProject section */

/* Begin PBXSourcesBuildPhase section */
		5913846B15DAA36D0029AD16 /* Sources */ = {
			isa = PBXSourcesBuildPhase;
			buildActionMask = 2147483647;
			files = (
				8F9AD4CD185C89C90095F0CC /* eattr_getter.c in Sources */,
				8F9AD4D5185C89C90095F0CC /* ebox_handle.c in Sources */,
				8F9AD4D0185C89C90095F0CC /* ebox.c in Sources */,
				8F9AD4EA185C89C90095F0CC /* ewidget.c in Sources */,
				8F9AD4D7185C89C90095F0CC /* ebox_window.c in Sources */,
				8F9AD4D8185C89C90095F0CC /* eclass.c in Sources */,
				8F9AD4CE185C89C90095F0CC /* eattr_new.c in Sources */,
				8F9AD4E2185C89C90095F0CC /* egraphics_text.c in Sources */,
				8F9AD4DF185C89C90095F0CC /* egraphics_color.c in Sources */,
				8F9AD4E0185C89C90095F0CC /* egraphics_forms.c in Sources */,
				8F9AD4DB185C89C90095F0CC /* ecommon.c in Sources */,
				8F9AD4D6185C89C90095F0CC /* ebox_patcher.c in Sources */,
				8F9AD4D2185C89C90095F0CC /* ebox_attr.c in Sources */,
				8F9AD4CF185C89C90095F0CC /* eattr_setter.c in Sources */,
				8FE1B1ED17F6353500A3E466 /* preset.cpp in Sources */,
				8F9AD4E7185C89C90095F0CC /* erouter.c in Sources */,
				8F9AD4E1185C89C90095F0CC /* egraphics_matrix.c in Sources */,
				8F9AD4DD185C89C90095F0CC /* egraphics.c in Sources */,
				8F9AD4D4185C89C90095F0CC /* ebox_dsp.c in Sources */,
				8F9AD4CC185C89C90095F0CC /* eattr_attr.c in Sources */,
				8F9AD4E5185C89C90095F0CC /* epopup.c in Sources */,
				8F9AD4D3185C89C90095F0CC /* ebox_draw.c in Sources */,
			);
			runOnlyForDeploymentPostprocessing = 0;
		};
/* End PBXSourcesBuildPhase section */

/* Begin XCBuildConfiguration section */
		5913847215DAA36D0029AD16 /* Release */ = {
			isa = XCBuildConfiguration;
			buildSettings = {
				ALWAYS_SEARCH_USER_PATHS = NO;
				CLANG_WARN_BOOL_CONVERSION = YES;
				CLANG_WARN_CONSTANT_CONVERSION = YES;
				CLANG_WARN_EMPTY_BODY = YES;
				CLANG_WARN_ENUM_CONVERSION = YES;
				CLANG_WARN_INT_CONVERSION = YES;
				CLANG_WARN__ARC_BRIDGE_CAST_NONARC = YES;
				CLANG_WARN__DUPLICATE_METHOD_MATCH = YES;
				COPY_PHASE_STRIP = YES;
				DEBUG_INFORMATION_FORMAT = "dwarf-with-dsym";
				FRAMEWORK_SEARCH_PATHS = "";
				GCC_C_LANGUAGE_STANDARD = gnu99;
				GCC_ENABLE_OBJC_EXCEPTIONS = YES;
				GCC_VERSION = com.apple.compilers.llvm.clang.1_0;
				GCC_WARN_64_TO_32_BIT_CONVERSION = YES;
				GCC_WARN_ABOUT_RETURN_TYPE = YES;
				GCC_WARN_UNDECLARED_SELECTOR = YES;
				GCC_WARN_UNINITIALIZED_AUTOS = YES;
				GCC_WARN_UNUSED_FUNCTION = YES;
				GCC_WARN_UNUSED_VARIABLE = YES;
				HEADER_SEARCH_PATHS = "$(SRCROOT)/../../../../SDKs/MaxSDK-6.1.1/c74support";
				"HEADER_SEARCH_PATHS[arch=*]" = "";
				LIBRARY_SEARCH_PATHS = "";
				MACOSX_DEPLOYMENT_TARGET = 10.7;
				SDKROOT = macosx;
			};
			name = Release;
		};
		5913847515DAA36D0029AD16 /* Release */ = {
			isa = XCBuildConfiguration;
			buildSettings = {
				ARCHS = "$(ARCHS_STANDARD_32_BIT)";
				COMBINE_HIDPI_IMAGES = YES;
				DEPLOYMENT_LOCATION = YES;
				DSTROOT = /;
				EXECUTABLE_EXTENSION = pd_darwin;
				EXECUTABLE_PREFIX = "";
				FRAMEWORK_SEARCH_PATHS = "$SRCROOT/../../../../SDKs/pd-extended/pd/src";
				GCC_PREPROCESSOR_DEFINITIONS = NO_PUB;
				GCC_VERSION = com.apple.compilers.llvm.clang.1_0;
				HEADER_SEARCH_PATHS = "$SRCROOT/../../../../SDKs/pd-extended/pd/src/";
				"HEADER_SEARCH_PATHS[arch=*]" = "$SRCROOT/../../../../SDKs/pd-extended/pd/src";
				INFOPLIST_OTHER_PREPROCESSOR_FLAGS = "";
				INFOPLIST_PREPROCESSOR_DEFINITIONS = "";
				INSTALL_PATH = $SRCROOT/../builds;
				LIBRARY_SEARCH_PATHS = "";
				OTHER_CODE_SIGN_FLAGS = "";
				OTHER_LDFLAGS = (
					"-undefined",
					dynamic_lookup,
				);
				PRELINK_LIBS = "";
				PRODUCT_NAME = preset;
				USER_HEADER_SEARCH_PATHS = "/Developer/usr/include /usr/local/include";
			};
			name = Release;
		};
/* End XCBuildConfiguration section */

/* Begin XCConfigurationList section */
		5913846915DAA36D0029AD16 /* Build configuration list for PBXProject "preset" */ = {
			isa = XCConfigurationList;
			buildConfigurations = (
				5913847215DAA36D0029AD16 /* Release */,
			);
			defaultConfigurationIsVisible = 0;
			defaultConfigurationName = Release;
		};
		5913847315DAA36D0029AD16 /* Build configuration list for PBXNativeTarget "preset" */ = {
			isa = XCConfigurationList;
			buildConfigurations = (
				5913847515DAA36D0029AD16 /* Release */,
			);
			defaultConfigurationIsVisible = 0;
			defaultConfigurationName = Release;
		};
/* End XCConfigurationList section */
	};
	rootObject = 5913846615DAA36D0029AD16 /* Project object */;
}
