// !$*UTF8*$!
{
	archiveVersion = 1;
	classes = {
	};
	objectVersion = 46;
	objects = {

/* Begin PBXBuildFile section */
		59FB02F817A7FAA9001E977D /* Accelerate.framework in Frameworks */ = {isa = PBXBuildFile; fileRef = 59FB02F717A7FAA9001E977D /* Accelerate.framework */; };
		8F506B96188AC1110025C415 /* cicm_wrapper.h in Headers */ = {isa = PBXBuildFile; fileRef = 8F506B6A188AC1110025C415 /* cicm_wrapper.h */; };
		8F506B97188AC1110025C415 /* ebox.h in Headers */ = {isa = PBXBuildFile; fileRef = 8F506B6C188AC1110025C415 /* ebox.h */; };
		8F506B98188AC1110025C415 /* ebox_attr.c in Sources */ = {isa = PBXBuildFile; fileRef = 8F506B6D188AC1110025C415 /* ebox_attr.c */; };
		8F506B99188AC1110025C415 /* ebox_basic.c in Sources */ = {isa = PBXBuildFile; fileRef = 8F506B6E188AC1110025C415 /* ebox_basic.c */; };
		8F506B9A188AC1110025C415 /* ebox_draw.c in Sources */ = {isa = PBXBuildFile; fileRef = 8F506B6F188AC1110025C415 /* ebox_draw.c */; };
		8F506B9B188AC1110025C415 /* ebox_handle.c in Sources */ = {isa = PBXBuildFile; fileRef = 8F506B70188AC1110025C415 /* ebox_handle.c */; };
		8F506B9C188AC1110025C415 /* ebox_patcher.c in Sources */ = {isa = PBXBuildFile; fileRef = 8F506B71188AC1110025C415 /* ebox_patcher.c */; };
		8F506B9D188AC1110025C415 /* ebox_window.c in Sources */ = {isa = PBXBuildFile; fileRef = 8F506B72188AC1110025C415 /* ebox_window.c */; };
		8F506B9E188AC1110025C415 /* eclass.h in Headers */ = {isa = PBXBuildFile; fileRef = 8F506B74188AC1110025C415 /* eclass.h */; };
		8F506B9F188AC1110025C415 /* eclass_attrgetter.c in Sources */ = {isa = PBXBuildFile; fileRef = 8F506B75188AC1110025C415 /* eclass_attrgetter.c */; };
		8F506BA0188AC1110025C415 /* eclass_attrnew.c in Sources */ = {isa = PBXBuildFile; fileRef = 8F506B76188AC1110025C415 /* eclass_attrnew.c */; };
		8F506BA1188AC1110025C415 /* eclass_attroptions.c in Sources */ = {isa = PBXBuildFile; fileRef = 8F506B77188AC1110025C415 /* eclass_attroptions.c */; };
		8F506BA2188AC1110025C415 /* eclass_attrsetter.c in Sources */ = {isa = PBXBuildFile; fileRef = 8F506B78188AC1110025C415 /* eclass_attrsetter.c */; };
		8F506BA3188AC1110025C415 /* eclass_basic.c in Sources */ = {isa = PBXBuildFile; fileRef = 8F506B79188AC1110025C415 /* eclass_basic.c */; };
		8F506BA4188AC1110025C415 /* eclass_widget.c in Sources */ = {isa = PBXBuildFile; fileRef = 8F506B7A188AC1110025C415 /* eclass_widget.c */; };
		8F506BA5188AC1110025C415 /* eboxflag.h in Headers */ = {isa = PBXBuildFile; fileRef = 8F506B7C188AC1110025C415 /* eboxflag.h */; };
		8F506BA6188AC1110025C415 /* ecommon.c in Sources */ = {isa = PBXBuildFile; fileRef = 8F506B7D188AC1110025C415 /* ecommon.c */; };
		8F506BA7188AC1110025C415 /* ecommon.h in Headers */ = {isa = PBXBuildFile; fileRef = 8F506B7E188AC1110025C415 /* ecommon.h */; };
		8F506BA8188AC1110025C415 /* egraphics.c in Sources */ = {isa = PBXBuildFile; fileRef = 8F506B80188AC1110025C415 /* egraphics.c */; };
		8F506BA9188AC1110025C415 /* egraphics.h in Headers */ = {isa = PBXBuildFile; fileRef = 8F506B81188AC1110025C415 /* egraphics.h */; };
		8F506BAA188AC1110025C415 /* egraphics_color.c in Sources */ = {isa = PBXBuildFile; fileRef = 8F506B82188AC1110025C415 /* egraphics_color.c */; };
		8F506BAB188AC1110025C415 /* egraphics_forms.c in Sources */ = {isa = PBXBuildFile; fileRef = 8F506B83188AC1110025C415 /* egraphics_forms.c */; };
		8F506BAC188AC1110025C415 /* egraphics_matrix.c in Sources */ = {isa = PBXBuildFile; fileRef = 8F506B84188AC1110025C415 /* egraphics_matrix.c */; };
		8F506BAD188AC1110025C415 /* egraphics_text.c in Sources */ = {isa = PBXBuildFile; fileRef = 8F506B85188AC1110025C415 /* egraphics_text.c */; };
		8F506BAE188AC1110025C415 /* eobj.h in Headers */ = {isa = PBXBuildFile; fileRef = 8F506B87188AC1110025C415 /* eobj.h */; };
		8F506BAF188AC1110025C415 /* eobj_basic.c in Sources */ = {isa = PBXBuildFile; fileRef = 8F506B88188AC1110025C415 /* eobj_basic.c */; };
		8F506BB0188AC1110025C415 /* eobj_dsp.c in Sources */ = {isa = PBXBuildFile; fileRef = 8F506B89188AC1110025C415 /* eobj_dsp.c */; };
		8F506BB1188AC1110025C415 /* eobj_handle.c in Sources */ = {isa = PBXBuildFile; fileRef = 8F506B8A188AC1110025C415 /* eobj_handle.c */; };
		8F506BB2188AC1110025C415 /* eobj_proxy.c in Sources */ = {isa = PBXBuildFile; fileRef = 8F506B8B188AC1110025C415 /* eobj_proxy.c */; };
		8F506BB3188AC1110025C415 /* eobj_router.c in Sources */ = {isa = PBXBuildFile; fileRef = 8F506B8C188AC1110025C415 /* eobj_router.c */; };
		8F506BB4188AC1110025C415 /* epd.h in Headers */ = {isa = PBXBuildFile; fileRef = 8F506B8D188AC1110025C415 /* epd.h */; };
		8F506BB5188AC1110025C415 /* epd_max.h in Headers */ = {isa = PBXBuildFile; fileRef = 8F506B8E188AC1110025C415 /* epd_max.h */; };
		8F506BB6188AC1110025C415 /* epopup.c in Sources */ = {isa = PBXBuildFile; fileRef = 8F506B90188AC1110025C415 /* epopup.c */; };
		8F506BB7188AC1110025C415 /* epopup.h in Headers */ = {isa = PBXBuildFile; fileRef = 8F506B91188AC1110025C415 /* epopup.h */; };
		8F506BB8188AC1110025C415 /* estruct.h in Headers */ = {isa = PBXBuildFile; fileRef = 8F506B92188AC1110025C415 /* estruct.h */; };
		8F506BB9188AC1110025C415 /* g_canvas.h in Headers */ = {isa = PBXBuildFile; fileRef = 8F506B93188AC1110025C415 /* g_canvas.h */; };
		8F506BBA188AC1110025C415 /* m_imp.h in Headers */ = {isa = PBXBuildFile; fileRef = 8F506B94188AC1110025C415 /* m_imp.h */; };
		8F506BBB188AC1110025C415 /* m_pd.h in Headers */ = {isa = PBXBuildFile; fileRef = 8F506B95188AC1110025C415 /* m_pd.h */; };
		8FE1B1ED17F6353500A3E466 /* c.hermes.cpp in Sources */ = {isa = PBXBuildFile; fileRef = 8FE1B1EC17F6353500A3E466 /* c.hermes.cpp */; };
/* End PBXBuildFile section */

/* Begin PBXFileReference section */
		5913846F15DAA36D0029AD16 /* c.hermes.pd_darwin */ = {isa = PBXFileReference; explicitFileType = "compiled.mach-o.dylib"; includeInIndex = 0; path = c.hermes.pd_darwin; sourceTree = BUILT_PRODUCTS_DIR; };
		59FB02F717A7FAA9001E977D /* Accelerate.framework */ = {isa = PBXFileReference; lastKnownFileType = wrapper.framework; name = Accelerate.framework; path = System/Library/Frameworks/Accelerate.framework; sourceTree = SDKROOT; };
		8F506B6A188AC1110025C415 /* cicm_wrapper.h */ = {isa = PBXFileReference; fileEncoding = 4; lastKnownFileType = sourcecode.c.h; path = cicm_wrapper.h; sourceTree = "<group>"; };
		8F506B6C188AC1110025C415 /* ebox.h */ = {isa = PBXFileReference; fileEncoding = 4; lastKnownFileType = sourcecode.c.h; path = ebox.h; sourceTree = "<group>"; };
		8F506B6D188AC1110025C415 /* ebox_attr.c */ = {isa = PBXFileReference; fileEncoding = 4; lastKnownFileType = sourcecode.c.c; path = ebox_attr.c; sourceTree = "<group>"; };
		8F506B6E188AC1110025C415 /* ebox_basic.c */ = {isa = PBXFileReference; fileEncoding = 4; lastKnownFileType = sourcecode.c.c; path = ebox_basic.c; sourceTree = "<group>"; };
		8F506B6F188AC1110025C415 /* ebox_draw.c */ = {isa = PBXFileReference; fileEncoding = 4; lastKnownFileType = sourcecode.c.c; path = ebox_draw.c; sourceTree = "<group>"; };
		8F506B70188AC1110025C415 /* ebox_handle.c */ = {isa = PBXFileReference; fileEncoding = 4; lastKnownFileType = sourcecode.c.c; path = ebox_handle.c; sourceTree = "<group>"; };
		8F506B71188AC1110025C415 /* ebox_patcher.c */ = {isa = PBXFileReference; fileEncoding = 4; lastKnownFileType = sourcecode.c.c; path = ebox_patcher.c; sourceTree = "<group>"; };
		8F506B72188AC1110025C415 /* ebox_window.c */ = {isa = PBXFileReference; fileEncoding = 4; lastKnownFileType = sourcecode.c.c; path = ebox_window.c; sourceTree = "<group>"; };
		8F506B74188AC1110025C415 /* eclass.h */ = {isa = PBXFileReference; fileEncoding = 4; lastKnownFileType = sourcecode.c.h; path = eclass.h; sourceTree = "<group>"; };
		8F506B75188AC1110025C415 /* eclass_attrgetter.c */ = {isa = PBXFileReference; fileEncoding = 4; lastKnownFileType = sourcecode.c.c; path = eclass_attrgetter.c; sourceTree = "<group>"; };
		8F506B76188AC1110025C415 /* eclass_attrnew.c */ = {isa = PBXFileReference; fileEncoding = 4; lastKnownFileType = sourcecode.c.c; path = eclass_attrnew.c; sourceTree = "<group>"; };
		8F506B77188AC1110025C415 /* eclass_attroptions.c */ = {isa = PBXFileReference; fileEncoding = 4; lastKnownFileType = sourcecode.c.c; path = eclass_attroptions.c; sourceTree = "<group>"; };
		8F506B78188AC1110025C415 /* eclass_attrsetter.c */ = {isa = PBXFileReference; fileEncoding = 4; lastKnownFileType = sourcecode.c.c; path = eclass_attrsetter.c; sourceTree = "<group>"; };
		8F506B79188AC1110025C415 /* eclass_basic.c */ = {isa = PBXFileReference; fileEncoding = 4; lastKnownFileType = sourcecode.c.c; path = eclass_basic.c; sourceTree = "<group>"; };
		8F506B7A188AC1110025C415 /* eclass_widget.c */ = {isa = PBXFileReference; fileEncoding = 4; lastKnownFileType = sourcecode.c.c; path = eclass_widget.c; sourceTree = "<group>"; };
		8F506B7C188AC1110025C415 /* eboxflag.h */ = {isa = PBXFileReference; fileEncoding = 4; lastKnownFileType = sourcecode.c.h; path = eboxflag.h; sourceTree = "<group>"; };
		8F506B7D188AC1110025C415 /* ecommon.c */ = {isa = PBXFileReference; fileEncoding = 4; lastKnownFileType = sourcecode.c.c; path = ecommon.c; sourceTree = "<group>"; };
		8F506B7E188AC1110025C415 /* ecommon.h */ = {isa = PBXFileReference; fileEncoding = 4; lastKnownFileType = sourcecode.c.h; path = ecommon.h; sourceTree = "<group>"; };
		8F506B80188AC1110025C415 /* egraphics.c */ = {isa = PBXFileReference; fileEncoding = 4; lastKnownFileType = sourcecode.c.c; path = egraphics.c; sourceTree = "<group>"; };
		8F506B81188AC1110025C415 /* egraphics.h */ = {isa = PBXFileReference; fileEncoding = 4; lastKnownFileType = sourcecode.c.h; path = egraphics.h; sourceTree = "<group>"; };
		8F506B82188AC1110025C415 /* egraphics_color.c */ = {isa = PBXFileReference; fileEncoding = 4; lastKnownFileType = sourcecode.c.c; path = egraphics_color.c; sourceTree = "<group>"; };
		8F506B83188AC1110025C415 /* egraphics_forms.c */ = {isa = PBXFileReference; fileEncoding = 4; lastKnownFileType = sourcecode.c.c; path = egraphics_forms.c; sourceTree = "<group>"; };
		8F506B84188AC1110025C415 /* egraphics_matrix.c */ = {isa = PBXFileReference; fileEncoding = 4; lastKnownFileType = sourcecode.c.c; path = egraphics_matrix.c; sourceTree = "<group>"; };
		8F506B85188AC1110025C415 /* egraphics_text.c */ = {isa = PBXFileReference; fileEncoding = 4; lastKnownFileType = sourcecode.c.c; path = egraphics_text.c; sourceTree = "<group>"; };
		8F506B87188AC1110025C415 /* eobj.h */ = {isa = PBXFileReference; fileEncoding = 4; lastKnownFileType = sourcecode.c.h; path = eobj.h; sourceTree = "<group>"; };
		8F506B88188AC1110025C415 /* eobj_basic.c */ = {isa = PBXFileReference; fileEncoding = 4; lastKnownFileType = sourcecode.c.c; path = eobj_basic.c; sourceTree = "<group>"; };
		8F506B89188AC1110025C415 /* eobj_dsp.c */ = {isa = PBXFileReference; fileEncoding = 4; lastKnownFileType = sourcecode.c.c; path = eobj_dsp.c; sourceTree = "<group>"; };
		8F506B8A188AC1110025C415 /* eobj_handle.c */ = {isa = PBXFileReference; fileEncoding = 4; lastKnownFileType = sourcecode.c.c; path = eobj_handle.c; sourceTree = "<group>"; };
		8F506B8B188AC1110025C415 /* eobj_proxy.c */ = {isa = PBXFileReference; fileEncoding = 4; lastKnownFileType = sourcecode.c.c; path = eobj_proxy.c; sourceTree = "<group>"; };
		8F506B8C188AC1110025C415 /* eobj_router.c */ = {isa = PBXFileReference; fileEncoding = 4; lastKnownFileType = sourcecode.c.c; path = eobj_router.c; sourceTree = "<group>"; };
		8F506B8D188AC1110025C415 /* epd.h */ = {isa = PBXFileReference; fileEncoding = 4; lastKnownFileType = sourcecode.c.h; path = epd.h; sourceTree = "<group>"; };
		8F506B8E188AC1110025C415 /* epd_max.h */ = {isa = PBXFileReference; fileEncoding = 4; lastKnownFileType = sourcecode.c.h; path = epd_max.h; sourceTree = "<group>"; };
		8F506B90188AC1110025C415 /* epopup.c */ = {isa = PBXFileReference; fileEncoding = 4; lastKnownFileType = sourcecode.c.c; path = epopup.c; sourceTree = "<group>"; };
		8F506B91188AC1110025C415 /* epopup.h */ = {isa = PBXFileReference; fileEncoding = 4; lastKnownFileType = sourcecode.c.h; path = epopup.h; sourceTree = "<group>"; };
		8F506B92188AC1110025C415 /* estruct.h */ = {isa = PBXFileReference; fileEncoding = 4; lastKnownFileType = sourcecode.c.h; path = estruct.h; sourceTree = "<group>"; };
		8F506B93188AC1110025C415 /* g_canvas.h */ = {isa = PBXFileReference; fileEncoding = 4; lastKnownFileType = sourcecode.c.h; path = g_canvas.h; sourceTree = "<group>"; };
		8F506B94188AC1110025C415 /* m_imp.h */ = {isa = PBXFileReference; fileEncoding = 4; lastKnownFileType = sourcecode.c.h; path = m_imp.h; sourceTree = "<group>"; };
		8F506B95188AC1110025C415 /* m_pd.h */ = {isa = PBXFileReference; fileEncoding = 4; lastKnownFileType = sourcecode.c.h; path = m_pd.h; sourceTree = "<group>"; };
		8FE1B1EC17F6353500A3E466 /* c.hermes.cpp */ = {isa = PBXFileReference; fileEncoding = 4; lastKnownFileType = sourcecode.cpp.cpp; path = c.hermes.cpp; sourceTree = "<group>"; };
/* End PBXFileReference section */

/* Begin PBXFrameworksBuildPhase section */
		5913846C15DAA36D0029AD16 /* Frameworks */ = {
			isa = PBXFrameworksBuildPhase;
			buildActionMask = 2147483647;
			files = (
				59FB02F817A7FAA9001E977D /* Accelerate.framework in Frameworks */,
			);
			runOnlyForDeploymentPostprocessing = 0;
		};
/* End PBXFrameworksBuildPhase section */

/* Begin PBXGroup section */
		5913846415DAA36D0029AD16 = {
			isa = PBXGroup;
			children = (
				8FE1B1EC17F6353500A3E466 /* c.hermes.cpp */,
				8F506B69188AC1110025C415 /* Sources */,
				59FB02F717A7FAA9001E977D /* Accelerate.framework */,
				5913847015DAA36D0029AD16 /* Products */,
			);
			sourceTree = "<group>";
		};
		5913847015DAA36D0029AD16 /* Products */ = {
			isa = PBXGroup;
			children = (
				5913846F15DAA36D0029AD16 /* c.hermes.pd_darwin */,
			);
			name = Products;
			sourceTree = "<group>";
		};
		8F506B69188AC1110025C415 /* Sources */ = {
			isa = PBXGroup;
			children = (
				8F506B6A188AC1110025C415 /* cicm_wrapper.h */,
				8F506B6B188AC1110025C415 /* ebox */,
				8F506B73188AC1110025C415 /* eclass */,
				8F506B7B188AC1110025C415 /* ecommon */,
				8F506B7F188AC1110025C415 /* egraphics */,
				8F506B86188AC1110025C415 /* eobj */,
				8F506B8D188AC1110025C415 /* epd.h */,
				8F506B8E188AC1110025C415 /* epd_max.h */,
				8F506B8F188AC1110025C415 /* epopup */,
				8F506B92188AC1110025C415 /* estruct.h */,
				8F506B93188AC1110025C415 /* g_canvas.h */,
				8F506B94188AC1110025C415 /* m_imp.h */,
				8F506B95188AC1110025C415 /* m_pd.h */,
			);
			name = Sources;
			path = ../../Sources;
			sourceTree = "<group>";
		};
		8F506B6B188AC1110025C415 /* ebox */ = {
			isa = PBXGroup;
			children = (
				8F506B6C188AC1110025C415 /* ebox.h */,
				8F506B6D188AC1110025C415 /* ebox_attr.c */,
				8F506B6E188AC1110025C415 /* ebox_basic.c */,
				8F506B6F188AC1110025C415 /* ebox_draw.c */,
				8F506B70188AC1110025C415 /* ebox_handle.c */,
				8F506B71188AC1110025C415 /* ebox_patcher.c */,
				8F506B72188AC1110025C415 /* ebox_window.c */,
			);
			path = ebox;
			sourceTree = "<group>";
		};
		8F506B73188AC1110025C415 /* eclass */ = {
			isa = PBXGroup;
			children = (
				8F506B74188AC1110025C415 /* eclass.h */,
				8F506B75188AC1110025C415 /* eclass_attrgetter.c */,
				8F506B76188AC1110025C415 /* eclass_attrnew.c */,
				8F506B77188AC1110025C415 /* eclass_attroptions.c */,
				8F506B78188AC1110025C415 /* eclass_attrsetter.c */,
				8F506B79188AC1110025C415 /* eclass_basic.c */,
				8F506B7A188AC1110025C415 /* eclass_widget.c */,
			);
			path = eclass;
			sourceTree = "<group>";
		};
		8F506B7B188AC1110025C415 /* ecommon */ = {
			isa = PBXGroup;
			children = (
				8F506B7C188AC1110025C415 /* eboxflag.h */,
				8F506B7D188AC1110025C415 /* ecommon.c */,
				8F506B7E188AC1110025C415 /* ecommon.h */,
			);
			path = ecommon;
			sourceTree = "<group>";
		};
		8F506B7F188AC1110025C415 /* egraphics */ = {
			isa = PBXGroup;
			children = (
				8F506B80188AC1110025C415 /* egraphics.c */,
				8F506B81188AC1110025C415 /* egraphics.h */,
				8F506B82188AC1110025C415 /* egraphics_color.c */,
				8F506B83188AC1110025C415 /* egraphics_forms.c */,
				8F506B84188AC1110025C415 /* egraphics_matrix.c */,
				8F506B85188AC1110025C415 /* egraphics_text.c */,
			);
			path = egraphics;
			sourceTree = "<group>";
		};
		8F506B86188AC1110025C415 /* eobj */ = {
			isa = PBXGroup;
			children = (
				8F506B87188AC1110025C415 /* eobj.h */,
				8F506B88188AC1110025C415 /* eobj_basic.c */,
				8F506B89188AC1110025C415 /* eobj_dsp.c */,
				8F506B8A188AC1110025C415 /* eobj_handle.c */,
				8F506B8B188AC1110025C415 /* eobj_proxy.c */,
				8F506B8C188AC1110025C415 /* eobj_router.c */,
			);
			path = eobj;
			sourceTree = "<group>";
		};
		8F506B8F188AC1110025C415 /* epopup */ = {
			isa = PBXGroup;
			children = (
				8F506B90188AC1110025C415 /* epopup.c */,
				8F506B91188AC1110025C415 /* epopup.h */,
			);
			path = epopup;
			sourceTree = "<group>";
		};
/* End PBXGroup section */

/* Begin PBXHeadersBuildPhase section */
		5913846D15DAA36D0029AD16 /* Headers */ = {
			isa = PBXHeadersBuildPhase;
			buildActionMask = 2147483647;
			files = (
				8F506BA5188AC1110025C415 /* eboxflag.h in Headers */,
				8F506BA7188AC1110025C415 /* ecommon.h in Headers */,
				8F506B9E188AC1110025C415 /* eclass.h in Headers */,
				8F506BB7188AC1110025C415 /* epopup.h in Headers */,
				8F506B97188AC1110025C415 /* ebox.h in Headers */,
				8F506BBA188AC1110025C415 /* m_imp.h in Headers */,
				8F506BB8188AC1110025C415 /* estruct.h in Headers */,
				8F506BB4188AC1110025C415 /* epd.h in Headers */,
				8F506BB5188AC1110025C415 /* epd_max.h in Headers */,
				8F506B96188AC1110025C415 /* cicm_wrapper.h in Headers */,
				8F506BA9188AC1110025C415 /* egraphics.h in Headers */,
				8F506BB9188AC1110025C415 /* g_canvas.h in Headers */,
				8F506BBB188AC1110025C415 /* m_pd.h in Headers */,
				8F506BAE188AC1110025C415 /* eobj.h in Headers */,
			);
			runOnlyForDeploymentPostprocessing = 0;
		};
/* End PBXHeadersBuildPhase section */

/* Begin PBXNativeTarget section */
		5913846E15DAA36D0029AD16 /* c.hermes */ = {
			isa = PBXNativeTarget;
			buildConfigurationList = 5913847315DAA36D0029AD16 /* Build configuration list for PBXNativeTarget "c.hermes" */;
			buildPhases = (
				5913846B15DAA36D0029AD16 /* Sources */,
				5913846C15DAA36D0029AD16 /* Frameworks */,
				5913846D15DAA36D0029AD16 /* Headers */,
			);
			buildRules = (
			);
			dependencies = (
			);
			name = c.hermes;
			productName = pd1;
			productReference = 5913846F15DAA36D0029AD16 /* c.hermes.pd_darwin */;
			productType = "com.apple.product-type.library.dynamic";
		};
/* End PBXNativeTarget section */

/* Begin PBXProject section */
		5913846615DAA36D0029AD16 /* Project object */ = {
			isa = PBXProject;
			attributes = {
				LastUpgradeCheck = 0500;
			};
			buildConfigurationList = 5913846915DAA36D0029AD16 /* Build configuration list for PBXProject "c.hermes" */;
			compatibilityVersion = "Xcode 3.2";
			developmentRegion = English;
			hasScannedForEncodings = 0;
			knownRegions = (
				en,
			);
			mainGroup = 5913846415DAA36D0029AD16;
			productRefGroup = 5913847015DAA36D0029AD16 /* Products */;
			projectDirPath = "";
			projectRoot = "";
			targets = (
				5913846E15DAA36D0029AD16 /* c.hermes */,
			);
		};
/* End PBXProject section */

/* Begin PBXSourcesBuildPhase section */
		5913846B15DAA36D0029AD16 /* Sources */ = {
			isa = PBXSourcesBuildPhase;
			buildActionMask = 2147483647;
			files = (
				8F506BA4188AC1110025C415 /* eclass_widget.c in Sources */,
				8F506BA2188AC1110025C415 /* eclass_attrsetter.c in Sources */,
				8F506BA0188AC1110025C415 /* eclass_attrnew.c in Sources */,
				8F506B99188AC1110025C415 /* ebox_basic.c in Sources */,
				8F506B9C188AC1110025C415 /* ebox_patcher.c in Sources */,
				8F506B9D188AC1110025C415 /* ebox_window.c in Sources */,
				8F506BAD188AC1110025C415 /* egraphics_text.c in Sources */,
				8F506BAA188AC1110025C415 /* egraphics_color.c in Sources */,
				8F506BAB188AC1110025C415 /* egraphics_forms.c in Sources */,
				8F506BA6188AC1110025C415 /* ecommon.c in Sources */,
				8F506B9B188AC1110025C415 /* ebox_handle.c in Sources */,
				8F506B9F188AC1110025C415 /* eclass_attrgetter.c in Sources */,
				8F506BB2188AC1110025C415 /* eobj_proxy.c in Sources */,
				8F506BA3188AC1110025C415 /* eclass_basic.c in Sources */,
				8F506BB0188AC1110025C415 /* eobj_dsp.c in Sources */,
				8F506BA1188AC1110025C415 /* eclass_attroptions.c in Sources */,
				8F506BAF188AC1110025C415 /* eobj_basic.c in Sources */,
				8F506BAC188AC1110025C415 /* egraphics_matrix.c in Sources */,
				8F506BB1188AC1110025C415 /* eobj_handle.c in Sources */,
				8F506BA8188AC1110025C415 /* egraphics.c in Sources */,
				8F506B98188AC1110025C415 /* ebox_attr.c in Sources */,
				8FE1B1ED17F6353500A3E466 /* c.hermes.cpp in Sources */,
				8F506BB3188AC1110025C415 /* eobj_router.c in Sources */,
				8F506BB6188AC1110025C415 /* epopup.c in Sources */,
				8F506B9A188AC1110025C415 /* ebox_draw.c in Sources */,
			);
			runOnlyForDeploymentPostprocessing = 0;
		};
/* End PBXSourcesBuildPhase section */

/* Begin XCBuildConfiguration section */
		5913847215DAA36D0029AD16 /* Release */ = {
			isa = XCBuildConfiguration;
			buildSettings = {
				ALWAYS_SEARCH_USER_PATHS = NO;
				CLANG_WARN_BOOL_CONVERSION = YES;
				CLANG_WARN_CONSTANT_CONVERSION = YES;
				CLANG_WARN_EMPTY_BODY = YES;
				CLANG_WARN_ENUM_CONVERSION = YES;
				CLANG_WARN_INT_CONVERSION = YES;
				CLANG_WARN__ARC_BRIDGE_CAST_NONARC = YES;
				CLANG_WARN__DUPLICATE_METHOD_MATCH = YES;
				COPY_PHASE_STRIP = YES;
				DEBUG_INFORMATION_FORMAT = "dwarf-with-dsym";
				FRAMEWORK_SEARCH_PATHS = "";
				GCC_C_LANGUAGE_STANDARD = gnu99;
				GCC_ENABLE_OBJC_EXCEPTIONS = YES;
				GCC_VERSION = com.apple.compilers.llvm.clang.1_0;
				GCC_WARN_64_TO_32_BIT_CONVERSION = YES;
				GCC_WARN_ABOUT_RETURN_TYPE = YES;
				GCC_WARN_UNDECLARED_SELECTOR = YES;
				GCC_WARN_UNINITIALIZED_AUTOS = YES;
				GCC_WARN_UNUSED_FUNCTION = YES;
				GCC_WARN_UNUSED_VARIABLE = YES;
				HEADER_SEARCH_PATHS = "$(SRCROOT)/../../../../SDKs/MaxSDK-6.1.1/c74support";
				"HEADER_SEARCH_PATHS[arch=*]" = "";
				LIBRARY_SEARCH_PATHS = "";
				MACOSX_DEPLOYMENT_TARGET = 10.7;
				SDKROOT = macosx;
			};
			name = Release;
		};
		5913847515DAA36D0029AD16 /* Release */ = {
			isa = XCBuildConfiguration;
			buildSettings = {
				ARCHS = "$(ARCHS_STANDARD_32_BIT)";
				COMBINE_HIDPI_IMAGES = YES;
				DEPLOYMENT_LOCATION = YES;
				DSTROOT = /;
				EXECUTABLE_EXTENSION = pd_darwin;
				EXECUTABLE_PREFIX = "";
				FRAMEWORK_SEARCH_PATHS = "$SRCROOT/../../../../SDKs/pd-extended/pd/src";
				GCC_PREPROCESSOR_DEFINITIONS = NO_PUB;
				GCC_VERSION = com.apple.compilers.llvm.clang.1_0;
				HEADER_SEARCH_PATHS = "$SRCROOT/../../../../SDKs/pd-extended/pd/src/";
				"HEADER_SEARCH_PATHS[arch=*]" = "$SRCROOT/../../../../SDKs/pd-extended/pd/src";
				INFOPLIST_OTHER_PREPROCESSOR_FLAGS = "";
				INFOPLIST_PREPROCESSOR_DEFINITIONS = "";
				INSTALL_PATH = $SRCROOT/../builds;
				LIBRARY_SEARCH_PATHS = "";
				OTHER_CODE_SIGN_FLAGS = "";
				OTHER_LDFLAGS = (
					"-undefined",
					dynamic_lookup,
				);
				PRELINK_LIBS = "";
				PRODUCT_NAME = c.hermes;
				USER_HEADER_SEARCH_PATHS = "/Developer/usr/include /usr/local/include";
			};
			name = Release;
		};
/* End XCBuildConfiguration section */

/* Begin XCConfigurationList section */
		5913846915DAA36D0029AD16 /* Build configuration list for PBXProject "c.hermes" */ = {
			isa = XCConfigurationList;
			buildConfigurations = (
				5913847215DAA36D0029AD16 /* Release */,
			);
			defaultConfigurationIsVisible = 0;
			defaultConfigurationName = Release;
		};
		5913847315DAA36D0029AD16 /* Build configuration list for PBXNativeTarget "c.hermes" */ = {
			isa = XCConfigurationList;
			buildConfigurations = (
				5913847515DAA36D0029AD16 /* Release */,
			);
			defaultConfigurationIsVisible = 0;
			defaultConfigurationName = Release;
		};
/* End XCConfigurationList section */
	};
	rootObject = 5913846615DAA36D0029AD16 /* Project object */;
}
