<?xml version="1.0" encoding="utf-8"?>
<Project ToolsVersion="4.0" xmlns="http://schemas.microsoft.com/developer/msbuild/2003">
  <ItemGroup>
    <ClCompile Include="c.number.cpp" />
    <ClCompile Include="..\..\Sources\ebox\ebox_attr.c">
      <Filter>PdEnhanced\ebox</Filter>
    </ClCompile>
    <ClCompile Include="..\..\Sources\ebox\ebox_basic.c">
      <Filter>PdEnhanced\ebox</Filter>
    </ClCompile>
    <ClCompile Include="..\..\Sources\ebox\ebox_draw.c">
      <Filter>PdEnhanced\ebox</Filter>
    </ClCompile>
    <ClCompile Include="..\..\Sources\ebox\ebox_handle.c">
      <Filter>PdEnhanced\ebox</Filter>
    </ClCompile>
    <ClCompile Include="..\..\Sources\ebox\ebox_patcher.c">
      <Filter>PdEnhanced\ebox</Filter>
    </ClCompile>
    <ClCompile Include="..\..\Sources\ebox\ebox_window.c">
      <Filter>PdEnhanced\ebox</Filter>
    </ClCompile>
    <ClCompile Include="..\..\Sources\eclass\eclass_attrgetter.c">
      <Filter>PdEnhanced\eclass</Filter>
    </ClCompile>
    <ClCompile Include="..\..\Sources\eclass\eclass_attrnew.c">
      <Filter>PdEnhanced\eclass</Filter>
    </ClCompile>
    <ClCompile Include="..\..\Sources\eclass\eclass_attroptions.c">
      <Filter>PdEnhanced\eclass</Filter>
    </ClCompile>
    <ClCompile Include="..\..\Sources\eclass\eclass_attrsetter.c">
      <Filter>PdEnhanced\eclass</Filter>
    </ClCompile>
    <ClCompile Include="..\..\Sources\eclass\eclass_basic.c">
      <Filter>PdEnhanced\eclass</Filter>
    </ClCompile>
    <ClCompile Include="..\..\Sources\eclass\eclass_widget.c">
      <Filter>PdEnhanced\eclass</Filter>
    </ClCompile>
    <ClCompile Include="..\..\Sources\ecommon\ecommon.c">
      <Filter>PdEnhanced\ecommon</Filter>
    </ClCompile>
    <ClCompile Include="..\..\Sources\eobj\eobj_basic.c">
      <Filter>PdEnhanced\eobj</Filter>
    </ClCompile>
    <ClCompile Include="..\..\Sources\eobj\eobj_dsp.c">
      <Filter>PdEnhanced\eobj</Filter>
    </ClCompile>
    <ClCompile Include="..\..\Sources\eobj\eobj_handle.c">
      <Filter>PdEnhanced\eobj</Filter>
    </ClCompile>
    <ClCompile Include="..\..\Sources\eobj\eobj_proxy.c">
      <Filter>PdEnhanced\eobj</Filter>
    </ClCompile>
    <ClCompile Include="..\..\Sources\eobj\eobj_router.c">
      <Filter>PdEnhanced\eobj</Filter>
    </ClCompile>
    <ClCompile Include="..\..\Sources\egraphics\egraphics.c">
      <Filter>PdEnhanced\egraphics</Filter>
    </ClCompile>
    <ClCompile Include="..\..\Sources\egraphics\egraphics_color.c">
      <Filter>PdEnhanced\egraphics</Filter>
    </ClCompile>
    <ClCompile Include="..\..\Sources\egraphics\egraphics_forms.c">
      <Filter>PdEnhanced\egraphics</Filter>
    </ClCompile>
    <ClCompile Include="..\..\Sources\egraphics\egraphics_matrix.c">
      <Filter>PdEnhanced\egraphics</Filter>
    </ClCompile>
    <ClCompile Include="..\..\Sources\egraphics\egraphics_text.c">
      <Filter>PdEnhanced\egraphics</Filter>
    </ClCompile>
    <ClCompile Include="..\..\Sources\epopup\epopup.c">
      <Filter>PdEnhanced\epopup</Filter>
    </ClCompile>
  </ItemGroup>
  <ItemGroup>
    <Filter Include="PdEnhanced">
      <UniqueIdentifier>{e60b4372-5b34-4aaf-9872-d889cf24b19a}</UniqueIdentifier>
    </Filter>
    <Filter Include="PdEnhanced\ebox">
      <UniqueIdentifier>{df993dee-363c-491f-ba6e-d3256c7eae96}</UniqueIdentifier>
    </Filter>
    <Filter Include="PdEnhanced\eclass">
      <UniqueIdentifier>{cc3397ab-85d6-4e89-8d8d-9eb5c4129912}</UniqueIdentifier>
    </Filter>
    <Filter Include="PdEnhanced\ecommon">
      <UniqueIdentifier>{9a00497f-6d08-4be7-b685-9b66599f0067}</UniqueIdentifier>
    </Filter>
    <Filter Include="PdEnhanced\eobj">
      <UniqueIdentifier>{acba89da-a9b5-43c3-8ec2-5d6ac68df5dd}</UniqueIdentifier>
    </Filter>
    <Filter Include="PdEnhanced\egraphics">
      <UniqueIdentifier>{899af033-3e7c-484d-9aba-b9b23e3775c5}</UniqueIdentifier>
    </Filter>
    <Filter Include="PdEnhanced\epopup">
      <UniqueIdentifier>{88858492-6994-479f-94b9-921912ba8511}</UniqueIdentifier>
    </Filter>
  </ItemGroup>
  <ItemGroup>
    <ClInclude Include="..\..\Sources\epd.h">
      <Filter>PdEnhanced</Filter>
    </ClInclude>
    <ClInclude Include="..\..\Sources\epd_max.h">
      <Filter>PdEnhanced</Filter>
    </ClInclude>
    <ClInclude Include="..\..\Sources\estruct.h">
      <Filter>PdEnhanced</Filter>
    </ClInclude>
    <ClInclude Include="..\..\Sources\pd_enhanced.h">
      <Filter>PdEnhanced</Filter>
    </ClInclude>
    <ClInclude Include="..\..\Sources\ebox\ebox.h">
      <Filter>PdEnhanced\ebox</Filter>
    </ClInclude>
    <ClInclude Include="..\..\Sources\eclass\eclass.h">
      <Filter>PdEnhanced\eclass</Filter>
    </ClInclude>
    <ClInclude Include="..\..\Sources\ecommon\eboxflag.h">
      <Filter>PdEnhanced\ecommon</Filter>
    </ClInclude>
    <ClInclude Include="..\..\Sources\ecommon\ecommon.h">
      <Filter>PdEnhanced\ecommon</Filter>
    </ClInclude>
    <ClInclude Include="..\..\Sources\eobj\eobj.h">
      <Filter>PdEnhanced\eobj</Filter>
    </ClInclude>
    <ClInclude Include="..\..\Sources\egraphics\egraphics.h">
      <Filter>PdEnhanced\egraphics</Filter>
    </ClInclude>
    <ClInclude Include="..\..\Sources\epopup\epopup.h">
      <Filter>PdEnhanced\epopup</Filter>
    </ClInclude>
  </ItemGroup>
</Project>