// !$*UTF8*$!
{
	archiveVersion = 1;
	classes = {
	};
	objectVersion = 46;
	objects = {

/* Begin PBXBuildFile section */
		59FB02F817A7FAA9001E977D /* Accelerate.framework in Frameworks */ = {isa = PBXBuildFile; fileRef = 59FB02F717A7FAA9001E977D /* Accelerate.framework */; };
		8F8C3898186D852C004C3EFE /* ebox.h in Headers */ = {isa = PBXBuildFile; fileRef = 8F8C386F186D852C004C3EFE /* ebox.h */; };
		8F8C3899186D852C004C3EFE /* ebox_attr.c in Sources */ = {isa = PBXBuildFile; fileRef = 8F8C3870186D852C004C3EFE /* ebox_attr.c */; };
		8F8C389A186D852C004C3EFE /* ebox_basic.c in Sources */ = {isa = PBXBuildFile; fileRef = 8F8C3871186D852C004C3EFE /* ebox_basic.c */; };
		8F8C389B186D852C004C3EFE /* ebox_draw.c in Sources */ = {isa = PBXBuildFile; fileRef = 8F8C3872186D852C004C3EFE /* ebox_draw.c */; };
		8F8C389C186D852C004C3EFE /* ebox_handle.c in Sources */ = {isa = PBXBuildFile; fileRef = 8F8C3873186D852C004C3EFE /* ebox_handle.c */; };
		8F8C389D186D852C004C3EFE /* ebox_patcher.c in Sources */ = {isa = PBXBuildFile; fileRef = 8F8C3874186D852C004C3EFE /* ebox_patcher.c */; };
		8F8C389E186D852C004C3EFE /* ebox_window.c in Sources */ = {isa = PBXBuildFile; fileRef = 8F8C3875186D852C004C3EFE /* ebox_window.c */; };
		8F8C389F186D852C004C3EFE /* eclass.h in Headers */ = {isa = PBXBuildFile; fileRef = 8F8C3877186D852C004C3EFE /* eclass.h */; };
		8F8C38A0186D852C004C3EFE /* eclass_attrgetter.c in Sources */ = {isa = PBXBuildFile; fileRef = 8F8C3878186D852C004C3EFE /* eclass_attrgetter.c */; };
		8F8C38A1186D852C004C3EFE /* eclass_attrnew.c in Sources */ = {isa = PBXBuildFile; fileRef = 8F8C3879186D852C004C3EFE /* eclass_attrnew.c */; };
		8F8C38A2186D852C004C3EFE /* eclass_attroptions.c in Sources */ = {isa = PBXBuildFile; fileRef = 8F8C387A186D852C004C3EFE /* eclass_attroptions.c */; };
		8F8C38A3186D852C004C3EFE /* eclass_attrsetter.c in Sources */ = {isa = PBXBuildFile; fileRef = 8F8C387B186D852C004C3EFE /* eclass_attrsetter.c */; };
		8F8C38A4186D852C004C3EFE /* eclass_basic.c in Sources */ = {isa = PBXBuildFile; fileRef = 8F8C387C186D852C004C3EFE /* eclass_basic.c */; };
		8F8C38A5186D852C004C3EFE /* eclass_widget.c in Sources */ = {isa = PBXBuildFile; fileRef = 8F8C387D186D852C004C3EFE /* eclass_widget.c */; };
		8F8C38A6186D852C004C3EFE /* eboxflag.h in Headers */ = {isa = PBXBuildFile; fileRef = 8F8C387F186D852C004C3EFE /* eboxflag.h */; };
		8F8C38A7186D852C004C3EFE /* ecommon.c in Sources */ = {isa = PBXBuildFile; fileRef = 8F8C3880186D852C004C3EFE /* ecommon.c */; };
		8F8C38A8186D852C004C3EFE /* ecommon.h in Headers */ = {isa = PBXBuildFile; fileRef = 8F8C3881186D852C004C3EFE /* ecommon.h */; };
		8F8C38A9186D852C004C3EFE /* egraphics.c in Sources */ = {isa = PBXBuildFile; fileRef = 8F8C3883186D852C004C3EFE /* egraphics.c */; };
		8F8C38AA186D852C004C3EFE /* egraphics.h in Headers */ = {isa = PBXBuildFile; fileRef = 8F8C3884186D852C004C3EFE /* egraphics.h */; };
		8F8C38AB186D852C004C3EFE /* egraphics_color.c in Sources */ = {isa = PBXBuildFile; fileRef = 8F8C3885186D852C004C3EFE /* egraphics_color.c */; };
		8F8C38AC186D852C004C3EFE /* egraphics_forms.c in Sources */ = {isa = PBXBuildFile; fileRef = 8F8C3886186D852C004C3EFE /* egraphics_forms.c */; };
		8F8C38AD186D852C004C3EFE /* egraphics_matrix.c in Sources */ = {isa = PBXBuildFile; fileRef = 8F8C3887186D852C004C3EFE /* egraphics_matrix.c */; };
		8F8C38AE186D852C004C3EFE /* egraphics_text.c in Sources */ = {isa = PBXBuildFile; fileRef = 8F8C3888186D852C004C3EFE /* egraphics_text.c */; };
		8F8C38AF186D852C004C3EFE /* eobj.h in Headers */ = {isa = PBXBuildFile; fileRef = 8F8C388A186D852C004C3EFE /* eobj.h */; };
		8F8C38B0186D852C004C3EFE /* eobj_basic.c in Sources */ = {isa = PBXBuildFile; fileRef = 8F8C388B186D852C004C3EFE /* eobj_basic.c */; };
		8F8C38B1186D852C004C3EFE /* eobj_dsp.c in Sources */ = {isa = PBXBuildFile; fileRef = 8F8C388C186D852C004C3EFE /* eobj_dsp.c */; };
		8F8C38B2186D852C004C3EFE /* eobj_handle.c in Sources */ = {isa = PBXBuildFile; fileRef = 8F8C388D186D852C004C3EFE /* eobj_handle.c */; };
		8F8C38B3186D852C004C3EFE /* eobj_proxy.c in Sources */ = {isa = PBXBuildFile; fileRef = 8F8C388E186D852C004C3EFE /* eobj_proxy.c */; };
		8F8C38B4186D852C004C3EFE /* eobj_router.c in Sources */ = {isa = PBXBuildFile; fileRef = 8F8C388F186D852C004C3EFE /* eobj_router.c */; };
		8F8C38B5186D852C004C3EFE /* epd.h in Headers */ = {isa = PBXBuildFile; fileRef = 8F8C3890186D852C004C3EFE /* epd.h */; };
		8F8C38B6186D852C004C3EFE /* epd_max.h in Headers */ = {isa = PBXBuildFile; fileRef = 8F8C3891186D852C004C3EFE /* epd_max.h */; };
		8F8C38B7186D852C004C3EFE /* epopup.c in Sources */ = {isa = PBXBuildFile; fileRef = 8F8C3893186D852C004C3EFE /* epopup.c */; };
		8F8C38B8186D852C004C3EFE /* epopup.h in Headers */ = {isa = PBXBuildFile; fileRef = 8F8C3894186D852C004C3EFE /* epopup.h */; };
		8F8C38B9186D852C004C3EFE /* estruct.h in Headers */ = {isa = PBXBuildFile; fileRef = 8F8C3895186D852C004C3EFE /* estruct.h */; };
		8F8C38BA186D852C004C3EFE /* pd_enhanced.h in Headers */ = {isa = PBXBuildFile; fileRef = 8F8C3897186D852C004C3EFE /* pd_enhanced.h */; };
		8FE1B1ED17F6353500A3E466 /* c.incdec.cpp in Sources */ = {isa = PBXBuildFile; fileRef = 8FE1B1EC17F6353500A3E466 /* c.incdec.cpp */; };
/* End PBXBuildFile section */

/* Begin PBXFileReference section */
		5913846F15DAA36D0029AD16 /* c.incdec.pd_darwin */ = {isa = PBXFileReference; explicitFileType = "compiled.mach-o.dylib"; includeInIndex = 0; path = c.incdec.pd_darwin; sourceTree = BUILT_PRODUCTS_DIR; };
		59FB02F717A7FAA9001E977D /* Accelerate.framework */ = {isa = PBXFileReference; lastKnownFileType = wrapper.framework; name = Accelerate.framework; path = System/Library/Frameworks/Accelerate.framework; sourceTree = SDKROOT; };
		8F8C386F186D852C004C3EFE /* ebox.h */ = {isa = PBXFileReference; fileEncoding = 4; lastKnownFileType = sourcecode.c.h; path = ebox.h; sourceTree = "<group>"; };
		8F8C3870186D852C004C3EFE /* ebox_attr.c */ = {isa = PBXFileReference; fileEncoding = 4; lastKnownFileType = sourcecode.c.c; path = ebox_attr.c; sourceTree = "<group>"; };
		8F8C3871186D852C004C3EFE /* ebox_basic.c */ = {isa = PBXFileReference; fileEncoding = 4; lastKnownFileType = sourcecode.c.c; path = ebox_basic.c; sourceTree = "<group>"; };
		8F8C3872186D852C004C3EFE /* ebox_draw.c */ = {isa = PBXFileReference; fileEncoding = 4; lastKnownFileType = sourcecode.c.c; path = ebox_draw.c; sourceTree = "<group>"; };
		8F8C3873186D852C004C3EFE /* ebox_handle.c */ = {isa = PBXFileReference; fileEncoding = 4; lastKnownFileType = sourcecode.c.c; path = ebox_handle.c; sourceTree = "<group>"; };
		8F8C3874186D852C004C3EFE /* ebox_patcher.c */ = {isa = PBXFileReference; fileEncoding = 4; lastKnownFileType = sourcecode.c.c; path = ebox_patcher.c; sourceTree = "<group>"; };
		8F8C3875186D852C004C3EFE /* ebox_window.c */ = {isa = PBXFileReference; fileEncoding = 4; lastKnownFileType = sourcecode.c.c; path = ebox_window.c; sourceTree = "<group>"; };
		8F8C3877186D852C004C3EFE /* eclass.h */ = {isa = PBXFileReference; fileEncoding = 4; lastKnownFileType = sourcecode.c.h; path = eclass.h; sourceTree = "<group>"; };
		8F8C3878186D852C004C3EFE /* eclass_attrgetter.c */ = {isa = PBXFileReference; fileEncoding = 4; lastKnownFileType = sourcecode.c.c; path = eclass_attrgetter.c; sourceTree = "<group>"; };
		8F8C3879186D852C004C3EFE /* eclass_attrnew.c */ = {isa = PBXFileReference; fileEncoding = 4; lastKnownFileType = sourcecode.c.c; path = eclass_attrnew.c; sourceTree = "<group>"; };
		8F8C387A186D852C004C3EFE /* eclass_attroptions.c */ = {isa = PBXFileReference; fileEncoding = 4; lastKnownFileType = sourcecode.c.c; path = eclass_attroptions.c; sourceTree = "<group>"; };
		8F8C387B186D852C004C3EFE /* eclass_attrsetter.c */ = {isa = PBXFileReference; fileEncoding = 4; lastKnownFileType = sourcecode.c.c; path = eclass_attrsetter.c; sourceTree = "<group>"; };
		8F8C387C186D852C004C3EFE /* eclass_basic.c */ = {isa = PBXFileReference; fileEncoding = 4; lastKnownFileType = sourcecode.c.c; path = eclass_basic.c; sourceTree = "<group>"; };
		8F8C387D186D852C004C3EFE /* eclass_widget.c */ = {isa = PBXFileReference; fileEncoding = 4; lastKnownFileType = sourcecode.c.c; path = eclass_widget.c; sourceTree = "<group>"; };
		8F8C387F186D852C004C3EFE /* eboxflag.h */ = {isa = PBXFileReference; fileEncoding = 4; lastKnownFileType = sourcecode.c.h; path = eboxflag.h; sourceTree = "<group>"; };
		8F8C3880186D852C004C3EFE /* ecommon.c */ = {isa = PBXFileReference; fileEncoding = 4; lastKnownFileType = sourcecode.c.c; path = ecommon.c; sourceTree = "<group>"; };
		8F8C3881186D852C004C3EFE /* ecommon.h */ = {isa = PBXFileReference; fileEncoding = 4; lastKnownFileType = sourcecode.c.h; path = ecommon.h; sourceTree = "<group>"; };
		8F8C3883186D852C004C3EFE /* egraphics.c */ = {isa = PBXFileReference; fileEncoding = 4; lastKnownFileType = sourcecode.c.c; path = egraphics.c; sourceTree = "<group>"; };
		8F8C3884186D852C004C3EFE /* egraphics.h */ = {isa = PBXFileReference; fileEncoding = 4; lastKnownFileType = sourcecode.c.h; path = egraphics.h; sourceTree = "<group>"; };
		8F8C3885186D852C004C3EFE /* egraphics_color.c */ = {isa = PBXFileReference; fileEncoding = 4; lastKnownFileType = sourcecode.c.c; path = egraphics_color.c; sourceTree = "<group>"; };
		8F8C3886186D852C004C3EFE /* egraphics_forms.c */ = {isa = PBXFileReference; fileEncoding = 4; lastKnownFileType = sourcecode.c.c; path = egraphics_forms.c; sourceTree = "<group>"; };
		8F8C3887186D852C004C3EFE /* egraphics_matrix.c */ = {isa = PBXFileReference; fileEncoding = 4; lastKnownFileType = sourcecode.c.c; path = egraphics_matrix.c; sourceTree = "<group>"; };
		8F8C3888186D852C004C3EFE /* egraphics_text.c */ = {isa = PBXFileReference; fileEncoding = 4; lastKnownFileType = sourcecode.c.c; path = egraphics_text.c; sourceTree = "<group>"; };
		8F8C388A186D852C004C3EFE /* eobj.h */ = {isa = PBXFileReference; fileEncoding = 4; lastKnownFileType = sourcecode.c.h; path = eobj.h; sourceTree = "<group>"; };
		8F8C388B186D852C004C3EFE /* eobj_basic.c */ = {isa = PBXFileReference; fileEncoding = 4; lastKnownFileType = sourcecode.c.c; path = eobj_basic.c; sourceTree = "<group>"; };
		8F8C388C186D852C004C3EFE /* eobj_dsp.c */ = {isa = PBXFileReference; fileEncoding = 4; lastKnownFileType = sourcecode.c.c; path = eobj_dsp.c; sourceTree = "<group>"; };
		8F8C388D186D852C004C3EFE /* eobj_handle.c */ = {isa = PBXFileReference; fileEncoding = 4; lastKnownFileType = sourcecode.c.c; path = eobj_handle.c; sourceTree = "<group>"; };
		8F8C388E186D852C004C3EFE /* eobj_proxy.c */ = {isa = PBXFileReference; fileEncoding = 4; lastKnownFileType = sourcecode.c.c; path = eobj_proxy.c; sourceTree = "<group>"; };
		8F8C388F186D852C004C3EFE /* eobj_router.c */ = {isa = PBXFileReference; fileEncoding = 4; lastKnownFileType = sourcecode.c.c; path = eobj_router.c; sourceTree = "<group>"; };
		8F8C3890186D852C004C3EFE /* epd.h */ = {isa = PBXFileReference; fileEncoding = 4; lastKnownFileType = sourcecode.c.h; path = epd.h; sourceTree = "<group>"; };
		8F8C3891186D852C004C3EFE /* epd_max.h */ = {isa = PBXFileReference; fileEncoding = 4; lastKnownFileType = sourcecode.c.h; path = epd_max.h; sourceTree = "<group>"; };
		8F8C3893186D852C004C3EFE /* epopup.c */ = {isa = PBXFileReference; fileEncoding = 4; lastKnownFileType = sourcecode.c.c; path = epopup.c; sourceTree = "<group>"; };
		8F8C3894186D852C004C3EFE /* epopup.h */ = {isa = PBXFileReference; fileEncoding = 4; lastKnownFileType = sourcecode.c.h; path = epopup.h; sourceTree = "<group>"; };
		8F8C3895186D852C004C3EFE /* estruct.h */ = {isa = PBXFileReference; fileEncoding = 4; lastKnownFileType = sourcecode.c.h; path = estruct.h; sourceTree = "<group>"; };
		8F8C3897186D852C004C3EFE /* pd_enhanced.h */ = {isa = PBXFileReference; fileEncoding = 4; lastKnownFileType = sourcecode.c.h; path = pd_enhanced.h; sourceTree = "<group>"; };
		8FE1B1EC17F6353500A3E466 /* c.incdec.cpp */ = {isa = PBXFileReference; fileEncoding = 4; lastKnownFileType = sourcecode.cpp.cpp; path = c.incdec.cpp; sourceTree = "<group>"; };
/* End PBXFileReference section */

/* Begin PBXFrameworksBuildPhase section */
		5913846C15DAA36D0029AD16 /* Frameworks */ = {
			isa = PBXFrameworksBuildPhase;
			buildActionMask = 2147483647;
			files = (
				59FB02F817A7FAA9001E977D /* Accelerate.framework in Frameworks */,
			);
			runOnlyForDeploymentPostprocessing = 0;
		};
/* End PBXFrameworksBuildPhase section */

/* Begin PBXGroup section */
		5913846415DAA36D0029AD16 = {
			isa = PBXGroup;
			children = (
				8FE1B1EC17F6353500A3E466 /* c.incdec.cpp */,
				8F8C386D186D852C004C3EFE /* Sources */,
				59FB02F717A7FAA9001E977D /* Accelerate.framework */,
				5913847015DAA36D0029AD16 /* Products */,
			);
			sourceTree = "<group>";
		};
		5913847015DAA36D0029AD16 /* Products */ = {
			isa = PBXGroup;
			children = (
				5913846F15DAA36D0029AD16 /* c.incdec.pd_darwin */,
			);
			name = Products;
			sourceTree = "<group>";
		};
		8F8C386D186D852C004C3EFE /* Sources */ = {
			isa = PBXGroup;
			children = (
				8F8C386E186D852C004C3EFE /* ebox */,
				8F8C3876186D852C004C3EFE /* eclass */,
				8F8C387E186D852C004C3EFE /* ecommon */,
				8F8C3882186D852C004C3EFE /* egraphics */,
				8F8C3889186D852C004C3EFE /* eobj */,
				8F8C3890186D852C004C3EFE /* epd.h */,
				8F8C3891186D852C004C3EFE /* epd_max.h */,
				8F8C3892186D852C004C3EFE /* epopup */,
				8F8C3895186D852C004C3EFE /* estruct.h */,
				8F8C3896186D852C004C3EFE /* ewidget */,
				8F8C3897186D852C004C3EFE /* pd_enhanced.h */,
			);
			name = Sources;
			path = ../../Sources;
			sourceTree = "<group>";
		};
		8F8C386E186D852C004C3EFE /* ebox */ = {
			isa = PBXGroup;
			children = (
				8F8C386F186D852C004C3EFE /* ebox.h */,
				8F8C3870186D852C004C3EFE /* ebox_attr.c */,
				8F8C3871186D852C004C3EFE /* ebox_basic.c */,
				8F8C3872186D852C004C3EFE /* ebox_draw.c */,
				8F8C3873186D852C004C3EFE /* ebox_handle.c */,
				8F8C3874186D852C004C3EFE /* ebox_patcher.c */,
				8F8C3875186D852C004C3EFE /* ebox_window.c */,
			);
			path = ebox;
			sourceTree = "<group>";
		};
		8F8C3876186D852C004C3EFE /* eclass */ = {
			isa = PBXGroup;
			children = (
				8F8C3877186D852C004C3EFE /* eclass.h */,
				8F8C3878186D852C004C3EFE /* eclass_attrgetter.c */,
				8F8C3879186D852C004C3EFE /* eclass_attrnew.c */,
				8F8C387A186D852C004C3EFE /* eclass_attroptions.c */,
				8F8C387B186D852C004C3EFE /* eclass_attrsetter.c */,
				8F8C387C186D852C004C3EFE /* eclass_basic.c */,
				8F8C387D186D852C004C3EFE /* eclass_widget.c */,
			);
			path = eclass;
			sourceTree = "<group>";
		};
		8F8C387E186D852C004C3EFE /* ecommon */ = {
			isa = PBXGroup;
			children = (
				8F8C387F186D852C004C3EFE /* eboxflag.h */,
				8F8C3880186D852C004C3EFE /* ecommon.c */,
				8F8C3881186D852C004C3EFE /* ecommon.h */,
			);
			path = ecommon;
			sourceTree = "<group>";
		};
		8F8C3882186D852C004C3EFE /* egraphics */ = {
			isa = PBXGroup;
			children = (
				8F8C3883186D852C004C3EFE /* egraphics.c */,
				8F8C3884186D852C004C3EFE /* egraphics.h */,
				8F8C3885186D852C004C3EFE /* egraphics_color.c */,
				8F8C3886186D852C004C3EFE /* egraphics_forms.c */,
				8F8C3887186D852C004C3EFE /* egraphics_matrix.c */,
				8F8C3888186D852C004C3EFE /* egraphics_text.c */,
			);
			path = egraphics;
			sourceTree = "<group>";
		};
		8F8C3889186D852C004C3EFE /* eobj */ = {
			isa = PBXGroup;
			children = (
				8F8C388A186D852C004C3EFE /* eobj.h */,
				8F8C388B186D852C004C3EFE /* eobj_basic.c */,
				8F8C388C186D852C004C3EFE /* eobj_dsp.c */,
				8F8C388D186D852C004C3EFE /* eobj_handle.c */,
				8F8C388E186D852C004C3EFE /* eobj_proxy.c */,
				8F8C388F186D852C004C3EFE /* eobj_router.c */,
			);
			path = eobj;
			sourceTree = "<group>";
		};
		8F8C3892186D852C004C3EFE /* epopup */ = {
			isa = PBXGroup;
			children = (
				8F8C3893186D852C004C3EFE /* epopup.c */,
				8F8C3894186D852C004C3EFE /* epopup.h */,
			);
			path = epopup;
			sourceTree = "<group>";
		};
		8F8C3896186D852C004C3EFE /* ewidget */ = {
			isa = PBXGroup;
			children = (
			);
			path = ewidget;
			sourceTree = "<group>";
		};
/* End PBXGroup section */

/* Begin PBXHeadersBuildPhase section */
		5913846D15DAA36D0029AD16 /* Headers */ = {
			isa = PBXHeadersBuildPhase;
			buildActionMask = 2147483647;
			files = (
				8F8C38A6186D852C004C3EFE /* eboxflag.h in Headers */,
				8F8C38AA186D852C004C3EFE /* egraphics.h in Headers */,
				8F8C38AF186D852C004C3EFE /* eobj.h in Headers */,
				8F8C38A8186D852C004C3EFE /* ecommon.h in Headers */,
				8F8C3898186D852C004C3EFE /* ebox.h in Headers */,
				8F8C38B8186D852C004C3EFE /* epopup.h in Headers */,
				8F8C38B6186D852C004C3EFE /* epd_max.h in Headers */,
				8F8C38BA186D852C004C3EFE /* pd_enhanced.h in Headers */,
				8F8C389F186D852C004C3EFE /* eclass.h in Headers */,
				8F8C38B5186D852C004C3EFE /* epd.h in Headers */,
				8F8C38B9186D852C004C3EFE /* estruct.h in Headers */,
			);
			runOnlyForDeploymentPostprocessing = 0;
		};
/* End PBXHeadersBuildPhase section */

/* Begin PBXNativeTarget section */
		5913846E15DAA36D0029AD16 /* c.incdec */ = {
			isa = PBXNativeTarget;
			buildConfigurationList = 5913847315DAA36D0029AD16 /* Build configuration list for PBXNativeTarget "c.incdec" */;
			buildPhases = (
				5913846B15DAA36D0029AD16 /* Sources */,
				5913846C15DAA36D0029AD16 /* Frameworks */,
				5913846D15DAA36D0029AD16 /* Headers */,
			);
			buildRules = (
			);
			dependencies = (
			);
			name = c.incdec;
			productName = pd1;
			productReference = 5913846F15DAA36D0029AD16 /* c.incdec.pd_darwin */;
			productType = "com.apple.product-type.library.dynamic";
		};
/* End PBXNativeTarget section */

/* Begin PBXProject section */
		5913846615DAA36D0029AD16 /* Project object */ = {
			isa = PBXProject;
			attributes = {
				LastUpgradeCheck = 0500;
			};
			buildConfigurationList = 5913846915DAA36D0029AD16 /* Build configuration list for PBXProject "c.incdec" */;
			compatibilityVersion = "Xcode 3.2";
			developmentRegion = English;
			hasScannedForEncodings = 0;
			knownRegions = (
				en,
			);
			mainGroup = 5913846415DAA36D0029AD16;
			productRefGroup = 5913847015DAA36D0029AD16 /* Products */;
			projectDirPath = "";
			projectRoot = "";
			targets = (
				5913846E15DAA36D0029AD16 /* c.incdec */,
			);
		};
/* End PBXProject section */

/* Begin PBXSourcesBuildPhase section */
		5913846B15DAA36D0029AD16 /* Sources */ = {
			isa = PBXSourcesBuildPhase;
			buildActionMask = 2147483647;
			files = (
				8F8C38A5186D852C004C3EFE /* eclass_widget.c in Sources */,
				8F8C38A3186D852C004C3EFE /* eclass_attrsetter.c in Sources */,
				8F8C38A1186D852C004C3EFE /* eclass_attrnew.c in Sources */,
				8F8C389A186D852C004C3EFE /* ebox_basic.c in Sources */,
				8F8C389D186D852C004C3EFE /* ebox_patcher.c in Sources */,
				8F8C389E186D852C004C3EFE /* ebox_window.c in Sources */,
				8F8C38AE186D852C004C3EFE /* egraphics_text.c in Sources */,
				8F8C38AB186D852C004C3EFE /* egraphics_color.c in Sources */,
				8F8C38AC186D852C004C3EFE /* egraphics_forms.c in Sources */,
				8F8C38A7186D852C004C3EFE /* ecommon.c in Sources */,
				8F8C389C186D852C004C3EFE /* ebox_handle.c in Sources */,
				8F8C38A0186D852C004C3EFE /* eclass_attrgetter.c in Sources */,
				8F8C38B3186D852C004C3EFE /* eobj_proxy.c in Sources */,
				8F8C38A4186D852C004C3EFE /* eclass_basic.c in Sources */,
				8F8C38B1186D852C004C3EFE /* eobj_dsp.c in Sources */,
				8F8C38A2186D852C004C3EFE /* eclass_attroptions.c in Sources */,
				8F8C38B0186D852C004C3EFE /* eobj_basic.c in Sources */,
				8F8C38AD186D852C004C3EFE /* egraphics_matrix.c in Sources */,
				8F8C38B2186D852C004C3EFE /* eobj_handle.c in Sources */,
				8F8C38A9186D852C004C3EFE /* egraphics.c in Sources */,
				8F8C3899186D852C004C3EFE /* ebox_attr.c in Sources */,
				8FE1B1ED17F6353500A3E466 /* c.incdec.cpp in Sources */,
				8F8C38B4186D852C004C3EFE /* eobj_router.c in Sources */,
				8F8C38B7186D852C004C3EFE /* epopup.c in Sources */,
				8F8C389B186D852C004C3EFE /* ebox_draw.c in Sources */,
			);
			runOnlyForDeploymentPostprocessing = 0;
		};
/* End PBXSourcesBuildPhase section */

/* Begin XCBuildConfiguration section */
		5913847215DAA36D0029AD16 /* Release */ = {
			isa = XCBuildConfiguration;
			buildSettings = {
				ALWAYS_SEARCH_USER_PATHS = NO;
				CLANG_WARN_BOOL_CONVERSION = YES;
				CLANG_WARN_CONSTANT_CONVERSION = YES;
				CLANG_WARN_EMPTY_BODY = YES;
				CLANG_WARN_ENUM_CONVERSION = YES;
				CLANG_WARN_INT_CONVERSION = YES;
				CLANG_WARN__ARC_BRIDGE_CAST_NONARC = YES;
				CLANG_WARN__DUPLICATE_METHOD_MATCH = YES;
				COPY_PHASE_STRIP = YES;
				DEBUG_INFORMATION_FORMAT = "dwarf-with-dsym";
				FRAMEWORK_SEARCH_PATHS = "";
				GCC_C_LANGUAGE_STANDARD = gnu99;
				GCC_ENABLE_OBJC_EXCEPTIONS = YES;
				GCC_VERSION = com.apple.compilers.llvm.clang.1_0;
				GCC_WARN_64_TO_32_BIT_CONVERSION = YES;
				GCC_WARN_ABOUT_RETURN_TYPE = YES;
				GCC_WARN_UNDECLARED_SELECTOR = YES;
				GCC_WARN_UNINITIALIZED_AUTOS = YES;
				GCC_WARN_UNUSED_FUNCTION = YES;
				GCC_WARN_UNUSED_VARIABLE = YES;
				HEADER_SEARCH_PATHS = "$(SRCROOT)/../../../../SDKs/MaxSDK-6.1.1/c74support";
				"HEADER_SEARCH_PATHS[arch=*]" = "";
				LIBRARY_SEARCH_PATHS = "";
				MACOSX_DEPLOYMENT_TARGET = 10.7;
				SDKROOT = macosx;
			};
			name = Release;
		};
		5913847515DAA36D0029AD16 /* Release */ = {
			isa = XCBuildConfiguration;
			buildSettings = {
				ARCHS = "$(ARCHS_STANDARD_32_BIT)";
				COMBINE_HIDPI_IMAGES = YES;
				DEPLOYMENT_LOCATION = YES;
				DSTROOT = /;
				EXECUTABLE_EXTENSION = pd_darwin;
				EXECUTABLE_PREFIX = "";
				FRAMEWORK_SEARCH_PATHS = "$SRCROOT/../../../../SDKs/pd-extended/pd/src";
				GCC_PREPROCESSOR_DEFINITIONS = NO_PUB;
				GCC_VERSION = com.apple.compilers.llvm.clang.1_0;
				HEADER_SEARCH_PATHS = "$SRCROOT/../../../../SDKs/pd-extended/pd/src/";
				"HEADER_SEARCH_PATHS[arch=*]" = "$SRCROOT/../../../../SDKs/pd-extended/pd/src";
				INFOPLIST_OTHER_PREPROCESSOR_FLAGS = "";
				INFOPLIST_PREPROCESSOR_DEFINITIONS = "";
				INSTALL_PATH = $SRCROOT/../builds;
				LIBRARY_SEARCH_PATHS = "";
				MACOSX_DEPLOYMENT_TARGET = 10.5;
				OTHER_CODE_SIGN_FLAGS = "";
				OTHER_LDFLAGS = (
					"-undefined",
					dynamic_lookup,
				);
				PRELINK_LIBS = "";
				PRODUCT_NAME = c.incdec;
				USER_HEADER_SEARCH_PATHS = "/Developer/usr/include /usr/local/include";
			};
			name = Release;
		};
/* End XCBuildConfiguration section */

/* Begin XCConfigurationList section */
		5913846915DAA36D0029AD16 /* Build configuration list for PBXProject "c.incdec" */ = {
			isa = XCConfigurationList;
			buildConfigurations = (
				5913847215DAA36D0029AD16 /* Release */,
			);
			defaultConfigurationIsVisible = 0;
			defaultConfigurationName = Release;
		};
		5913847315DAA36D0029AD16 /* Build configuration list for PBXNativeTarget "c.incdec" */ = {
			isa = XCConfigurationList;
			buildConfigurations = (
				5913847515DAA36D0029AD16 /* Release */,
			);
			defaultConfigurationIsVisible = 0;
			defaultConfigurationName = Release;
		};
/* End XCConfigurationList section */
	};
	rootObject = 5913846615DAA36D0029AD16 /* Project object */;
}
