// !$*UTF8*$!
{
	archiveVersion = 1;
	classes = {
	};
	objectVersion = 46;
	objects = {

/* Begin PBXBuildFile section */
		59FB02F817A7FAA9001E977D /* Accelerate.framework in Frameworks */ = {isa = PBXBuildFile; fileRef = 59FB02F717A7FAA9001E977D /* Accelerate.framework */; };
		8F2C1E5418F93122004542F6 /* FourierConvolve.cpp in Sources */ = {isa = PBXBuildFile; fileRef = 8F2C1E5218F93122004542F6 /* FourierConvolve.cpp */; };
		8F2C1E5518F93122004542F6 /* FourierConvolve.h in Headers */ = {isa = PBXBuildFile; fileRef = 8F2C1E5318F93122004542F6 /* FourierConvolve.h */; };
		8F3885C9190BFC520003AD76 /* cicm_wrapper.h in Headers */ = {isa = PBXBuildFile; fileRef = 8F388597190BFC520003AD76 /* cicm_wrapper.h */; };
		8F3885CA190BFC520003AD76 /* ebox.h in Headers */ = {isa = PBXBuildFile; fileRef = 8F388599190BFC520003AD76 /* ebox.h */; };
		8F3885CB190BFC520003AD76 /* ebox_attr.c in Sources */ = {isa = PBXBuildFile; fileRef = 8F38859A190BFC520003AD76 /* ebox_attr.c */; };
		8F3885CC190BFC520003AD76 /* ebox_basic.c in Sources */ = {isa = PBXBuildFile; fileRef = 8F38859B190BFC520003AD76 /* ebox_basic.c */; };
		8F3885CD190BFC520003AD76 /* ebox_draw.c in Sources */ = {isa = PBXBuildFile; fileRef = 8F38859C190BFC520003AD76 /* ebox_draw.c */; };
		8F3885CE190BFC520003AD76 /* ebox_handle.c in Sources */ = {isa = PBXBuildFile; fileRef = 8F38859D190BFC520003AD76 /* ebox_handle.c */; };
		8F3885CF190BFC520003AD76 /* ebox_patcher.c in Sources */ = {isa = PBXBuildFile; fileRef = 8F38859E190BFC520003AD76 /* ebox_patcher.c */; };
		8F3885D0190BFC520003AD76 /* ebox_window.c in Sources */ = {isa = PBXBuildFile; fileRef = 8F38859F190BFC520003AD76 /* ebox_window.c */; };
		8F3885D1190BFC520003AD76 /* eclass.h in Headers */ = {isa = PBXBuildFile; fileRef = 8F3885A1190BFC520003AD76 /* eclass.h */; };
		8F3885D2190BFC520003AD76 /* eclass_attrgetter.c in Sources */ = {isa = PBXBuildFile; fileRef = 8F3885A2190BFC520003AD76 /* eclass_attrgetter.c */; };
		8F3885D3190BFC520003AD76 /* eclass_attrnew.c in Sources */ = {isa = PBXBuildFile; fileRef = 8F3885A3190BFC520003AD76 /* eclass_attrnew.c */; };
		8F3885D4190BFC520003AD76 /* eclass_attroptions.c in Sources */ = {isa = PBXBuildFile; fileRef = 8F3885A4190BFC520003AD76 /* eclass_attroptions.c */; };
		8F3885D5190BFC520003AD76 /* eclass_attrsetter.c in Sources */ = {isa = PBXBuildFile; fileRef = 8F3885A5190BFC520003AD76 /* eclass_attrsetter.c */; };
		8F3885D6190BFC520003AD76 /* eclass_basic.c in Sources */ = {isa = PBXBuildFile; fileRef = 8F3885A6190BFC520003AD76 /* eclass_basic.c */; };
		8F3885D7190BFC520003AD76 /* eclass_widget.c in Sources */ = {isa = PBXBuildFile; fileRef = 8F3885A7190BFC520003AD76 /* eclass_widget.c */; };
		8F3885D8190BFC520003AD76 /* d_ugen.c in Sources */ = {isa = PBXBuildFile; fileRef = 8F3885A9190BFC520003AD76 /* d_ugen.c */; };
		8F3885D9190BFC520003AD76 /* d_ugen.h in Headers */ = {isa = PBXBuildFile; fileRef = 8F3885AA190BFC520003AD76 /* d_ugen.h */; };
		8F3885DA190BFC520003AD76 /* eboxflag.h in Headers */ = {isa = PBXBuildFile; fileRef = 8F3885AB190BFC520003AD76 /* eboxflag.h */; };
		8F3885DB190BFC520003AD76 /* ecommon.c in Sources */ = {isa = PBXBuildFile; fileRef = 8F3885AC190BFC520003AD76 /* ecommon.c */; };
		8F3885DC190BFC520003AD76 /* ecommon.h in Headers */ = {isa = PBXBuildFile; fileRef = 8F3885AD190BFC520003AD76 /* ecommon.h */; };
		8F3885DD190BFC520003AD76 /* g_canvas.h in Headers */ = {isa = PBXBuildFile; fileRef = 8F3885AE190BFC520003AD76 /* g_canvas.h */; };
		8F3885DE190BFC520003AD76 /* m_imp.h in Headers */ = {isa = PBXBuildFile; fileRef = 8F3885AF190BFC520003AD76 /* m_imp.h */; };
		8F3885DF190BFC520003AD76 /* m_pd.h in Headers */ = {isa = PBXBuildFile; fileRef = 8F3885B0190BFC520003AD76 /* m_pd.h */; };
		8F3885E0190BFC520003AD76 /* efft.c in Sources */ = {isa = PBXBuildFile; fileRef = 8F3885B3190BFC520003AD76 /* efft.c */; };
		8F3885E1190BFC520003AD76 /* efft.h in Headers */ = {isa = PBXBuildFile; fileRef = 8F3885B4190BFC520003AD76 /* efft.h */; };
		8F3885E2190BFC520003AD76 /* egraphics.c in Sources */ = {isa = PBXBuildFile; fileRef = 8F3885B6190BFC520003AD76 /* egraphics.c */; };
		8F3885E3190BFC520003AD76 /* egraphics.h in Headers */ = {isa = PBXBuildFile; fileRef = 8F3885B7190BFC520003AD76 /* egraphics.h */; };
		8F3885E4190BFC520003AD76 /* egraphics_color.c in Sources */ = {isa = PBXBuildFile; fileRef = 8F3885B8190BFC520003AD76 /* egraphics_color.c */; };
		8F3885E5190BFC520003AD76 /* egraphics_forms.c in Sources */ = {isa = PBXBuildFile; fileRef = 8F3885B9190BFC520003AD76 /* egraphics_forms.c */; };
		8F3885E6190BFC520003AD76 /* egraphics_matrix.c in Sources */ = {isa = PBXBuildFile; fileRef = 8F3885BA190BFC520003AD76 /* egraphics_matrix.c */; };
		8F3885E7190BFC520003AD76 /* egraphics_text.c in Sources */ = {isa = PBXBuildFile; fileRef = 8F3885BB190BFC520003AD76 /* egraphics_text.c */; };
		8F3885E8190BFC520003AD76 /* eobj.h in Headers */ = {isa = PBXBuildFile; fileRef = 8F3885BD190BFC520003AD76 /* eobj.h */; };
		8F3885E9190BFC520003AD76 /* eobj_basic.c in Sources */ = {isa = PBXBuildFile; fileRef = 8F3885BE190BFC520003AD76 /* eobj_basic.c */; };
		8F3885EA190BFC520003AD76 /* eobj_dsp.c in Sources */ = {isa = PBXBuildFile; fileRef = 8F3885BF190BFC520003AD76 /* eobj_dsp.c */; };
		8F3885EB190BFC520003AD76 /* eobj_handle.c in Sources */ = {isa = PBXBuildFile; fileRef = 8F3885C0190BFC520003AD76 /* eobj_handle.c */; };
		8F3885EC190BFC520003AD76 /* eobj_proxy.c in Sources */ = {isa = PBXBuildFile; fileRef = 8F3885C1190BFC520003AD76 /* eobj_proxy.c */; };
		8F3885ED190BFC520003AD76 /* eobj_router.c in Sources */ = {isa = PBXBuildFile; fileRef = 8F3885C2190BFC520003AD76 /* eobj_router.c */; };
		8F3885EE190BFC520003AD76 /* epd.h in Headers */ = {isa = PBXBuildFile; fileRef = 8F3885C3190BFC520003AD76 /* epd.h */; };
		8F3885EF190BFC520003AD76 /* epd_max.h in Headers */ = {isa = PBXBuildFile; fileRef = 8F3885C4190BFC520003AD76 /* epd_max.h */; };
		8F3885F0190BFC520003AD76 /* epopup.c in Sources */ = {isa = PBXBuildFile; fileRef = 8F3885C6190BFC520003AD76 /* epopup.c */; };
		8F3885F1190BFC520003AD76 /* epopup.h in Headers */ = {isa = PBXBuildFile; fileRef = 8F3885C7190BFC520003AD76 /* epopup.h */; };
		8F3885F2190BFC520003AD76 /* estruct.h in Headers */ = {isa = PBXBuildFile; fileRef = 8F3885C8190BFC520003AD76 /* estruct.h */; };
		8FB730CF180953EB00830C7B /* c.fourierconvolve~.cpp in Sources */ = {isa = PBXBuildFile; fileRef = 8FB730CE180953EB00830C7B /* c.fourierconvolve~.cpp */; };
/* End PBXBuildFile section */

/* Begin PBXFileReference section */
		5913846F15DAA36D0029AD16 /* c.fourierconvolve~.pd_darwin */ = {isa = PBXFileReference; explicitFileType = "compiled.mach-o.dylib"; includeInIndex = 0; path = "c.fourierconvolve~.pd_darwin"; sourceTree = BUILT_PRODUCTS_DIR; };
		59FB02F717A7FAA9001E977D /* Accelerate.framework */ = {isa = PBXFileReference; lastKnownFileType = wrapper.framework; name = Accelerate.framework; path = System/Library/Frameworks/Accelerate.framework; sourceTree = SDKROOT; };
		8F2C1E5218F93122004542F6 /* FourierConvolve.cpp */ = {isa = PBXFileReference; fileEncoding = 4; lastKnownFileType = sourcecode.cpp.cpp; path = FourierConvolve.cpp; sourceTree = "<group>"; };
		8F2C1E5318F93122004542F6 /* FourierConvolve.h */ = {isa = PBXFileReference; fileEncoding = 4; lastKnownFileType = sourcecode.c.h; path = FourierConvolve.h; sourceTree = "<group>"; };
		8F388597190BFC520003AD76 /* cicm_wrapper.h */ = {isa = PBXFileReference; fileEncoding = 4; lastKnownFileType = sourcecode.c.h; path = cicm_wrapper.h; sourceTree = "<group>"; };
		8F388599190BFC520003AD76 /* ebox.h */ = {isa = PBXFileReference; fileEncoding = 4; lastKnownFileType = sourcecode.c.h; path = ebox.h; sourceTree = "<group>"; };
		8F38859A190BFC520003AD76 /* ebox_attr.c */ = {isa = PBXFileReference; fileEncoding = 4; lastKnownFileType = sourcecode.c.c; path = ebox_attr.c; sourceTree = "<group>"; };
		8F38859B190BFC520003AD76 /* ebox_basic.c */ = {isa = PBXFileReference; fileEncoding = 4; lastKnownFileType = sourcecode.c.c; path = ebox_basic.c; sourceTree = "<group>"; };
		8F38859C190BFC520003AD76 /* ebox_draw.c */ = {isa = PBXFileReference; fileEncoding = 4; lastKnownFileType = sourcecode.c.c; path = ebox_draw.c; sourceTree = "<group>"; };
		8F38859D190BFC520003AD76 /* ebox_handle.c */ = {isa = PBXFileReference; fileEncoding = 4; lastKnownFileType = sourcecode.c.c; path = ebox_handle.c; sourceTree = "<group>"; };
		8F38859E190BFC520003AD76 /* ebox_patcher.c */ = {isa = PBXFileReference; fileEncoding = 4; lastKnownFileType = sourcecode.c.c; path = ebox_patcher.c; sourceTree = "<group>"; };
		8F38859F190BFC520003AD76 /* ebox_window.c */ = {isa = PBXFileReference; fileEncoding = 4; lastKnownFileType = sourcecode.c.c; path = ebox_window.c; sourceTree = "<group>"; };
		8F3885A1190BFC520003AD76 /* eclass.h */ = {isa = PBXFileReference; fileEncoding = 4; lastKnownFileType = sourcecode.c.h; path = eclass.h; sourceTree = "<group>"; };
		8F3885A2190BFC520003AD76 /* eclass_attrgetter.c */ = {isa = PBXFileReference; fileEncoding = 4; lastKnownFileType = sourcecode.c.c; path = eclass_attrgetter.c; sourceTree = "<group>"; };
		8F3885A3190BFC520003AD76 /* eclass_attrnew.c */ = {isa = PBXFileReference; fileEncoding = 4; lastKnownFileType = sourcecode.c.c; path = eclass_attrnew.c; sourceTree = "<group>"; };
		8F3885A4190BFC520003AD76 /* eclass_attroptions.c */ = {isa = PBXFileReference; fileEncoding = 4; lastKnownFileType = sourcecode.c.c; path = eclass_attroptions.c; sourceTree = "<group>"; };
		8F3885A5190BFC520003AD76 /* eclass_attrsetter.c */ = {isa = PBXFileReference; fileEncoding = 4; lastKnownFileType = sourcecode.c.c; path = eclass_attrsetter.c; sourceTree = "<group>"; };
		8F3885A6190BFC520003AD76 /* eclass_basic.c */ = {isa = PBXFileReference; fileEncoding = 4; lastKnownFileType = sourcecode.c.c; path = eclass_basic.c; sourceTree = "<group>"; };
		8F3885A7190BFC520003AD76 /* eclass_widget.c */ = {isa = PBXFileReference; fileEncoding = 4; lastKnownFileType = sourcecode.c.c; path = eclass_widget.c; sourceTree = "<group>"; };
		8F3885A9190BFC520003AD76 /* d_ugen.c */ = {isa = PBXFileReference; fileEncoding = 4; lastKnownFileType = sourcecode.c.c; path = d_ugen.c; sourceTree = "<group>"; };
		8F3885AA190BFC520003AD76 /* d_ugen.h */ = {isa = PBXFileReference; fileEncoding = 4; lastKnownFileType = sourcecode.c.h; path = d_ugen.h; sourceTree = "<group>"; };
		8F3885AB190BFC520003AD76 /* eboxflag.h */ = {isa = PBXFileReference; fileEncoding = 4; lastKnownFileType = sourcecode.c.h; path = eboxflag.h; sourceTree = "<group>"; };
		8F3885AC190BFC520003AD76 /* ecommon.c */ = {isa = PBXFileReference; fileEncoding = 4; lastKnownFileType = sourcecode.c.c; path = ecommon.c; sourceTree = "<group>"; };
		8F3885AD190BFC520003AD76 /* ecommon.h */ = {isa = PBXFileReference; fileEncoding = 4; lastKnownFileType = sourcecode.c.h; path = ecommon.h; sourceTree = "<group>"; };
		8F3885AE190BFC520003AD76 /* g_canvas.h */ = {isa = PBXFileReference; fileEncoding = 4; lastKnownFileType = sourcecode.c.h; path = g_canvas.h; sourceTree = "<group>"; };
		8F3885AF190BFC520003AD76 /* m_imp.h */ = {isa = PBXFileReference; fileEncoding = 4; lastKnownFileType = sourcecode.c.h; path = m_imp.h; sourceTree = "<group>"; };
		8F3885B0190BFC520003AD76 /* m_pd.h */ = {isa = PBXFileReference; fileEncoding = 4; lastKnownFileType = sourcecode.c.h; path = m_pd.h; sourceTree = "<group>"; };
		8F3885B1190BFC520003AD76 /* pd.def */ = {isa = PBXFileReference; fileEncoding = 4; lastKnownFileType = text; path = pd.def; sourceTree = "<group>"; };
		8F3885B2190BFC520003AD76 /* pd.dll */ = {isa = PBXFileReference; lastKnownFileType = file; path = pd.dll; sourceTree = "<group>"; };
		8F3885B3190BFC520003AD76 /* efft.c */ = {isa = PBXFileReference; fileEncoding = 4; lastKnownFileType = sourcecode.c.c; path = efft.c; sourceTree = "<group>"; };
		8F3885B4190BFC520003AD76 /* efft.h */ = {isa = PBXFileReference; fileEncoding = 4; lastKnownFileType = sourcecode.c.h; path = efft.h; sourceTree = "<group>"; };
		8F3885B6190BFC520003AD76 /* egraphics.c */ = {isa = PBXFileReference; fileEncoding = 4; lastKnownFileType = sourcecode.c.c; path = egraphics.c; sourceTree = "<group>"; };
		8F3885B7190BFC520003AD76 /* egraphics.h */ = {isa = PBXFileReference; fileEncoding = 4; lastKnownFileType = sourcecode.c.h; path = egraphics.h; sourceTree = "<group>"; };
		8F3885B8190BFC520003AD76 /* egraphics_color.c */ = {isa = PBXFileReference; fileEncoding = 4; lastKnownFileType = sourcecode.c.c; path = egraphics_color.c; sourceTree = "<group>"; };
		8F3885B9190BFC520003AD76 /* egraphics_forms.c */ = {isa = PBXFileReference; fileEncoding = 4; lastKnownFileType = sourcecode.c.c; path = egraphics_forms.c; sourceTree = "<group>"; };
		8F3885BA190BFC520003AD76 /* egraphics_matrix.c */ = {isa = PBXFileReference; fileEncoding = 4; lastKnownFileType = sourcecode.c.c; path = egraphics_matrix.c; sourceTree = "<group>"; };
		8F3885BB190BFC520003AD76 /* egraphics_text.c */ = {isa = PBXFileReference; fileEncoding = 4; lastKnownFileType = sourcecode.c.c; path = egraphics_text.c; sourceTree = "<group>"; };
		8F3885BD190BFC520003AD76 /* eobj.h */ = {isa = PBXFileReference; fileEncoding = 4; lastKnownFileType = sourcecode.c.h; path = eobj.h; sourceTree = "<group>"; };
		8F3885BE190BFC520003AD76 /* eobj_basic.c */ = {isa = PBXFileReference; fileEncoding = 4; lastKnownFileType = sourcecode.c.c; path = eobj_basic.c; sourceTree = "<group>"; };
		8F3885BF190BFC520003AD76 /* eobj_dsp.c */ = {isa = PBXFileReference; fileEncoding = 4; lastKnownFileType = sourcecode.c.c; path = eobj_dsp.c; sourceTree = "<group>"; };
		8F3885C0190BFC520003AD76 /* eobj_handle.c */ = {isa = PBXFileReference; fileEncoding = 4; lastKnownFileType = sourcecode.c.c; path = eobj_handle.c; sourceTree = "<group>"; };
		8F3885C1190BFC520003AD76 /* eobj_proxy.c */ = {isa = PBXFileReference; fileEncoding = 4; lastKnownFileType = sourcecode.c.c; path = eobj_proxy.c; sourceTree = "<group>"; };
		8F3885C2190BFC520003AD76 /* eobj_router.c */ = {isa = PBXFileReference; fileEncoding = 4; lastKnownFileType = sourcecode.c.c; path = eobj_router.c; sourceTree = "<group>"; };
		8F3885C3190BFC520003AD76 /* epd.h */ = {isa = PBXFileReference; fileEncoding = 4; lastKnownFileType = sourcecode.c.h; path = epd.h; sourceTree = "<group>"; };
		8F3885C4190BFC520003AD76 /* epd_max.h */ = {isa = PBXFileReference; fileEncoding = 4; lastKnownFileType = sourcecode.c.h; path = epd_max.h; sourceTree = "<group>"; };
		8F3885C6190BFC520003AD76 /* epopup.c */ = {isa = PBXFileReference; fileEncoding = 4; lastKnownFileType = sourcecode.c.c; path = epopup.c; sourceTree = "<group>"; };
		8F3885C7190BFC520003AD76 /* epopup.h */ = {isa = PBXFileReference; fileEncoding = 4; lastKnownFileType = sourcecode.c.h; path = epopup.h; sourceTree = "<group>"; };
		8F3885C8190BFC520003AD76 /* estruct.h */ = {isa = PBXFileReference; fileEncoding = 4; lastKnownFileType = sourcecode.c.h; path = estruct.h; sourceTree = "<group>"; };
		8FB730CE180953EB00830C7B /* c.fourierconvolve~.cpp */ = {isa = PBXFileReference; fileEncoding = 4; lastKnownFileType = sourcecode.cpp.cpp; path = "c.fourierconvolve~.cpp"; sourceTree = "<group>"; };
/* End PBXFileReference section */

/* Begin PBXFrameworksBuildPhase section */
		5913846C15DAA36D0029AD16 /* Frameworks */ = {
			isa = PBXFrameworksBuildPhase;
			buildActionMask = 2147483647;
			files = (
				59FB02F817A7FAA9001E977D /* Accelerate.framework in Frameworks */,
			);
			runOnlyForDeploymentPostprocessing = 0;
		};
/* End PBXFrameworksBuildPhase section */

/* Begin PBXGroup section */
		5913846415DAA36D0029AD16 = {
			isa = PBXGroup;
			children = (
				8FB730CE180953EB00830C7B /* c.fourierconvolve~.cpp */,
				8F2C1E5218F93122004542F6 /* FourierConvolve.cpp */,
				8F2C1E5318F93122004542F6 /* FourierConvolve.h */,
				8F388596190BFC520003AD76 /* Sources */,
				59FB02F717A7FAA9001E977D /* Accelerate.framework */,
				5913847015DAA36D0029AD16 /* Products */,
			);
			sourceTree = "<group>";
		};
		5913847015DAA36D0029AD16 /* Products */ = {
			isa = PBXGroup;
			children = (
				5913846F15DAA36D0029AD16 /* c.fourierconvolve~.pd_darwin */,
			);
			name = Products;
			sourceTree = "<group>";
		};
		8F388596190BFC520003AD76 /* Sources */ = {
			isa = PBXGroup;
			children = (
				8F388597190BFC520003AD76 /* cicm_wrapper.h */,
				8F388598190BFC520003AD76 /* ebox */,
				8F3885A0190BFC520003AD76 /* eclass */,
				8F3885A8190BFC520003AD76 /* ecommon */,
				8F3885B3190BFC520003AD76 /* efft.c */,
				8F3885B4190BFC520003AD76 /* efft.h */,
				8F3885B5190BFC520003AD76 /* egraphics */,
				8F3885BC190BFC520003AD76 /* eobj */,
				8F3885C3190BFC520003AD76 /* epd.h */,
				8F3885C4190BFC520003AD76 /* epd_max.h */,
				8F3885C5190BFC520003AD76 /* epopup */,
				8F3885C8190BFC520003AD76 /* estruct.h */,
			);
			name = Sources;
			path = ../../../Sources;
			sourceTree = "<group>";
		};
		8F388598190BFC520003AD76 /* ebox */ = {
			isa = PBXGroup;
			children = (
				8F388599190BFC520003AD76 /* ebox.h */,
				8F38859A190BFC520003AD76 /* ebox_attr.c */,
				8F38859B190BFC520003AD76 /* ebox_basic.c */,
				8F38859C190BFC520003AD76 /* ebox_draw.c */,
				8F38859D190BFC520003AD76 /* ebox_handle.c */,
				8F38859E190BFC520003AD76 /* ebox_patcher.c */,
				8F38859F190BFC520003AD76 /* ebox_window.c */,
			);
			path = ebox;
			sourceTree = "<group>";
		};
		8F3885A0190BFC520003AD76 /* eclass */ = {
			isa = PBXGroup;
			children = (
				8F3885A1190BFC520003AD76 /* eclass.h */,
				8F3885A2190BFC520003AD76 /* eclass_attrgetter.c */,
				8F3885A3190BFC520003AD76 /* eclass_attrnew.c */,
				8F3885A4190BFC520003AD76 /* eclass_attroptions.c */,
				8F3885A5190BFC520003AD76 /* eclass_attrsetter.c */,
				8F3885A6190BFC520003AD76 /* eclass_basic.c */,
				8F3885A7190BFC520003AD76 /* eclass_widget.c */,
			);
			path = eclass;
			sourceTree = "<group>";
		};
		8F3885A8190BFC520003AD76 /* ecommon */ = {
			isa = PBXGroup;
			children = (
				8F3885A9190BFC520003AD76 /* d_ugen.c */,
				8F3885AA190BFC520003AD76 /* d_ugen.h */,
				8F3885AB190BFC520003AD76 /* eboxflag.h */,
				8F3885AC190BFC520003AD76 /* ecommon.c */,
				8F3885AD190BFC520003AD76 /* ecommon.h */,
				8F3885AE190BFC520003AD76 /* g_canvas.h */,
				8F3885AF190BFC520003AD76 /* m_imp.h */,
				8F3885B0190BFC520003AD76 /* m_pd.h */,
				8F3885B1190BFC520003AD76 /* pd.def */,
				8F3885B2190BFC520003AD76 /* pd.dll */,
			);
			path = ecommon;
			sourceTree = "<group>";
		};
		8F3885B5190BFC520003AD76 /* egraphics */ = {
			isa = PBXGroup;
			children = (
				8F3885B6190BFC520003AD76 /* egraphics.c */,
				8F3885B7190BFC520003AD76 /* egraphics.h */,
				8F3885B8190BFC520003AD76 /* egraphics_color.c */,
				8F3885B9190BFC520003AD76 /* egraphics_forms.c */,
				8F3885BA190BFC520003AD76 /* egraphics_matrix.c */,
				8F3885BB190BFC520003AD76 /* egraphics_text.c */,
			);
			path = egraphics;
			sourceTree = "<group>";
		};
		8F3885BC190BFC520003AD76 /* eobj */ = {
			isa = PBXGroup;
			children = (
				8F3885BD190BFC520003AD76 /* eobj.h */,
				8F3885BE190BFC520003AD76 /* eobj_basic.c */,
				8F3885BF190BFC520003AD76 /* eobj_dsp.c */,
				8F3885C0190BFC520003AD76 /* eobj_handle.c */,
				8F3885C1190BFC520003AD76 /* eobj_proxy.c */,
				8F3885C2190BFC520003AD76 /* eobj_router.c */,
			);
			path = eobj;
			sourceTree = "<group>";
		};
		8F3885C5190BFC520003AD76 /* epopup */ = {
			isa = PBXGroup;
			children = (
				8F3885C6190BFC520003AD76 /* epopup.c */,
				8F3885C7190BFC520003AD76 /* epopup.h */,
			);
			path = epopup;
			sourceTree = "<group>";
		};
/* End PBXGroup section */

/* Begin PBXHeadersBuildPhase section */
		5913846D15DAA36D0029AD16 /* Headers */ = {
			isa = PBXHeadersBuildPhase;
			buildActionMask = 2147483647;
			files = (
				8F3885E8190BFC520003AD76 /* eobj.h in Headers */,
				8F3885DF190BFC520003AD76 /* m_pd.h in Headers */,
				8F3885DE190BFC520003AD76 /* m_imp.h in Headers */,
				8F3885DA190BFC520003AD76 /* eboxflag.h in Headers */,
				8F3885C9190BFC520003AD76 /* cicm_wrapper.h in Headers */,
				8F3885EF190BFC520003AD76 /* epd_max.h in Headers */,
				8F3885E1190BFC520003AD76 /* efft.h in Headers */,
				8F3885F1190BFC520003AD76 /* epopup.h in Headers */,
				8F3885EE190BFC520003AD76 /* epd.h in Headers */,
				8F3885DD190BFC520003AD76 /* g_canvas.h in Headers */,
				8F3885DC190BFC520003AD76 /* ecommon.h in Headers */,
				8F3885D9190BFC520003AD76 /* d_ugen.h in Headers */,
				8F3885D1190BFC520003AD76 /* eclass.h in Headers */,
				8F2C1E5518F93122004542F6 /* FourierConvolve.h in Headers */,
				8F3885CA190BFC520003AD76 /* ebox.h in Headers */,
				8F3885E3190BFC520003AD76 /* egraphics.h in Headers */,
				8F3885F2190BFC520003AD76 /* estruct.h in Headers */,
			);
			runOnlyForDeploymentPostprocessing = 0;
		};
/* End PBXHeadersBuildPhase section */

/* Begin PBXNativeTarget section */
		5913846E15DAA36D0029AD16 /* c.fourierconvolve~ */ = {
			isa = PBXNativeTarget;
			buildConfigurationList = 5913847315DAA36D0029AD16 /* Build configuration list for PBXNativeTarget "c.fourierconvolve~" */;
			buildPhases = (
				5913846B15DAA36D0029AD16 /* Sources */,
				5913846C15DAA36D0029AD16 /* Frameworks */,
				5913846D15DAA36D0029AD16 /* Headers */,
			);
			buildRules = (
			);
			dependencies = (
			);
			name = "c.fourierconvolve~";
			productName = pd1;
			productReference = 5913846F15DAA36D0029AD16 /* c.fourierconvolve~.pd_darwin */;
			productType = "com.apple.product-type.library.dynamic";
		};
/* End PBXNativeTarget section */

/* Begin PBXProject section */
		5913846615DAA36D0029AD16 /* Project object */ = {
			isa = PBXProject;
			attributes = {
				LastUpgradeCheck = 0510;
			};
			buildConfigurationList = 5913846915DAA36D0029AD16 /* Build configuration list for PBXProject "c.fourierconvolve~" */;
			compatibilityVersion = "Xcode 3.2";
			developmentRegion = English;
			hasScannedForEncodings = 0;
			knownRegions = (
				en,
			);
			mainGroup = 5913846415DAA36D0029AD16;
			productRefGroup = 5913847015DAA36D0029AD16 /* Products */;
			projectDirPath = "";
			projectRoot = "";
			targets = (
				5913846E15DAA36D0029AD16 /* c.fourierconvolve~ */,
			);
		};
/* End PBXProject section */

/* Begin PBXSourcesBuildPhase section */
		5913846B15DAA36D0029AD16 /* Sources */ = {
			isa = PBXSourcesBuildPhase;
			buildActionMask = 2147483647;
			files = (
				8F3885D7190BFC520003AD76 /* eclass_widget.c in Sources */,
				8F3885EA190BFC520003AD76 /* eobj_dsp.c in Sources */,
				8F3885D5190BFC520003AD76 /* eclass_attrsetter.c in Sources */,
				8F3885E5190BFC520003AD76 /* egraphics_forms.c in Sources */,
				8F3885CC190BFC520003AD76 /* ebox_basic.c in Sources */,
				8F3885CE190BFC520003AD76 /* ebox_handle.c in Sources */,
				8F3885CF190BFC520003AD76 /* ebox_patcher.c in Sources */,
				8F3885D0190BFC520003AD76 /* ebox_window.c in Sources */,
				8F3885D4190BFC520003AD76 /* eclass_attroptions.c in Sources */,
				8F3885D6190BFC520003AD76 /* eclass_basic.c in Sources */,
				8F3885DB190BFC520003AD76 /* ecommon.c in Sources */,
				8F3885E0190BFC520003AD76 /* efft.c in Sources */,
				8F3885E9190BFC520003AD76 /* eobj_basic.c in Sources */,
				8F3885D2190BFC520003AD76 /* eclass_attrgetter.c in Sources */,
				8F3885E4190BFC520003AD76 /* egraphics_color.c in Sources */,
				8F3885E6190BFC520003AD76 /* egraphics_matrix.c in Sources */,
				8F3885ED190BFC520003AD76 /* eobj_router.c in Sources */,
				8F3885CD190BFC520003AD76 /* ebox_draw.c in Sources */,
				8FB730CF180953EB00830C7B /* c.fourierconvolve~.cpp in Sources */,
				8F3885D8190BFC520003AD76 /* d_ugen.c in Sources */,
				8F3885E7190BFC520003AD76 /* egraphics_text.c in Sources */,
				8F3885E2190BFC520003AD76 /* egraphics.c in Sources */,
				8F3885F0190BFC520003AD76 /* epopup.c in Sources */,
				8F3885CB190BFC520003AD76 /* ebox_attr.c in Sources */,
				8F3885EC190BFC520003AD76 /* eobj_proxy.c in Sources */,
				8F3885D3190BFC520003AD76 /* eclass_attrnew.c in Sources */,
				8F2C1E5418F93122004542F6 /* FourierConvolve.cpp in Sources */,
				8F3885EB190BFC520003AD76 /* eobj_handle.c in Sources */,
			);
			runOnlyForDeploymentPostprocessing = 0;
		};
/* End PBXSourcesBuildPhase section */

/* Begin XCBuildConfiguration section */
		5913847215DAA36D0029AD16 /* Release */ = {
			isa = XCBuildConfiguration;
			buildSettings = {
				ALWAYS_SEARCH_USER_PATHS = NO;
				ARCHS = "$(ARCHS_STANDARD_32_64_BIT)";
				CLANG_WARN_BOOL_CONVERSION = YES;
				CLANG_WARN_CONSTANT_CONVERSION = YES;
				CLANG_WARN_EMPTY_BODY = YES;
				CLANG_WARN_ENUM_CONVERSION = YES;
				CLANG_WARN_INT_CONVERSION = YES;
				CLANG_WARN__DUPLICATE_METHOD_MATCH = YES;
				COPY_PHASE_STRIP = YES;
				DEBUG_INFORMATION_FORMAT = "dwarf-with-dsym";
				FRAMEWORK_SEARCH_PATHS = "";
				GCC_C_LANGUAGE_STANDARD = gnu99;
				GCC_ENABLE_OBJC_EXCEPTIONS = YES;
				GCC_VERSION = com.apple.compilers.llvm.clang.1_0;
				GCC_WARN_64_TO_32_BIT_CONVERSION = NO;
				GCC_WARN_ABOUT_RETURN_TYPE = YES;
				GCC_WARN_UNDECLARED_SELECTOR = YES;
				GCC_WARN_UNINITIALIZED_AUTOS = YES;
				GCC_WARN_UNUSED_FUNCTION = YES;
				GCC_WARN_UNUSED_VARIABLE = YES;
				HEADER_SEARCH_PATHS = "$(SRCROOT)/../../../../SDKs/MaxSDK-6.1.1/c74support";
				"HEADER_SEARCH_PATHS[arch=*]" = "";
				LIBRARY_SEARCH_PATHS = "";
				MACH_O_TYPE = mh_dylib;
				MACOSX_DEPLOYMENT_TARGET = 10.7;
				SDKROOT = macosx;
			};
			name = Release;
		};
		5913847515DAA36D0029AD16 /* Release */ = {
			isa = XCBuildConfiguration;
			buildSettings = {
				COMBINE_HIDPI_IMAGES = YES;
				DEPLOYMENT_LOCATION = YES;
				DSTROOT = /;
				EXECUTABLE_EXTENSION = pd_darwin;
				EXECUTABLE_PREFIX = "";
				FRAMEWORK_SEARCH_PATHS = "";
				GCC_OPTIMIZATION_LEVEL = fast;
				GCC_PREPROCESSOR_DEFINITIONS = NO_PUB;
				GCC_VERSION = com.apple.compilers.llvm.clang.1_0;
				HEADER_SEARCH_PATHS = "";
				"HEADER_SEARCH_PATHS[arch=*]" = "";
				INFOPLIST_OTHER_PREPROCESSOR_FLAGS = "";
				INFOPLIST_PREPROCESSOR_DEFINITIONS = "";
				INSTALL_PATH = $SRCROOT/../builds;
				LIBRARY_SEARCH_PATHS = "";
				MACOSX_DEPLOYMENT_TARGET = 10.5;
				OTHER_CODE_SIGN_FLAGS = "";
				OTHER_LDFLAGS = (
					"-undefined",
					dynamic_lookup,
				);
				PRELINK_LIBS = "";
				PRODUCT_NAME = "c.fourierconvolve~";
				USER_HEADER_SEARCH_PATHS = "/Developer/usr/include /usr/local/include";
			};
			name = Release;
		};
/* End XCBuildConfiguration section */

/* Begin XCConfigurationList section */
		5913846915DAA36D0029AD16 /* Build configuration list for PBXProject "c.fourierconvolve~" */ = {
			isa = XCConfigurationList;
			buildConfigurations = (
				5913847215DAA36D0029AD16 /* Release */,
			);
			defaultConfigurationIsVisible = 0;
			defaultConfigurationName = Release;
		};
		5913847315DAA36D0029AD16 /* Build configuration list for PBXNativeTarget "c.fourierconvolve~" */ = {
			isa = XCConfigurationList;
			buildConfigurations = (
				5913847515DAA36D0029AD16 /* Release */,
			);
			defaultConfigurationIsVisible = 0;
			defaultConfigurationName = Release;
		};
/* End XCConfigurationList section */
	};
	rootObject = 5913846615DAA36D0029AD16 /* Project object */;
}
